// !$*UTF8*$!
{
	archiveVersion = 1;
	classes = {
	};
	objectVersion = 50;
	objects = {

/* Begin PBXBuildFile section */
		0EDABB07CE8DBCA429150FB4 /* Pods_Pettitude.framework in Frameworks */ = {isa = PBXBuildFile; fileRef = AA654D8C51F4F1AF1DF27AD0 /* Pods_Pettitude.framework */; };
		7016A3DD21CC22300054E19F /* FeelingsGenerator.swift in Sources */ = {isa = PBXBuildFile; fileRef = 7016A3DC21CC22300054E19F /* FeelingsGenerator.swift */; };
		70FD6D3A21CE599400CA5D50 /* PettitudeErrorType.swift in Sources */ = {isa = PBXBuildFile; fileRef = 70FD6D3921CE599400CA5D50 /* PettitudeErrorType.swift */; };
		70FD6D3C21CE69F700CA5D50 /* GoogleService-Info.plist in Resources */ = {isa = PBXBuildFile; fileRef = 70FD6D3B21CE69F700CA5D50 /* GoogleService-Info.plist */; };
		7DC045A8B42288A246C1FFFB /* Pods_PettitudeUITests.framework in Frameworks */ = {isa = PBXBuildFile; fileRef = 58FF100AC146A1FFA98BFD37 /* Pods_PettitudeUITests.framework */; };
		92000C7E21C071B700EB800B /* AnimalStream.swift in Sources */ = {isa = PBXBuildFile; fileRef = 92000C7D21C071B700EB800B /* AnimalStream.swift */; };
		92000C8021C0780A00EB800B /* HomeComponent+Status.swift in Sources */ = {isa = PBXBuildFile; fileRef = 92000C7F21C0780A00EB800B /* HomeComponent+Status.swift */; };
		92A2551B21BD58BD0098333A /* AppComponent.swift in Sources */ = {isa = PBXBuildFile; fileRef = 92A2551A21BD58BD0098333A /* AppComponent.swift */; };
		92A2552921BD5C010098333A /* LoggedInRouter.swift in Sources */ = {isa = PBXBuildFile; fileRef = 92A2552621BD5C010098333A /* LoggedInRouter.swift */; };
		92A2552A21BD5C010098333A /* LoggedInBuilder.swift in Sources */ = {isa = PBXBuildFile; fileRef = 92A2552721BD5C010098333A /* LoggedInBuilder.swift */; };
		92A2552B21BD5C010098333A /* LoggedInInteractor.swift in Sources */ = {isa = PBXBuildFile; fileRef = 92A2552821BD5C010098333A /* LoggedInInteractor.swift */; };
		92A2553621BD5DE60098333A /* RootInteractor.swift in Sources */ = {isa = PBXBuildFile; fileRef = 92A2553021BD5DE60098333A /* RootInteractor.swift */; };
		92A2553721BD5DE60098333A /* RootViewController.swift in Sources */ = {isa = PBXBuildFile; fileRef = 92A2553121BD5DE60098333A /* RootViewController.swift */; };
		92A2553821BD5DE60098333A /* RootComponent+LoggedIn.swift in Sources */ = {isa = PBXBuildFile; fileRef = 92A2553221BD5DE60098333A /* RootComponent+LoggedIn.swift */; };
		92A2553921BD5DE60098333A /* RootRouter.swift in Sources */ = {isa = PBXBuildFile; fileRef = 92A2553321BD5DE60098333A /* RootRouter.swift */; };
		92A2553A21BD5DE60098333A /* RootBuilder.swift in Sources */ = {isa = PBXBuildFile; fileRef = 92A2553421BD5DE60098333A /* RootBuilder.swift */; };
		92A2554021BD607F0098333A /* HomeRouter.swift in Sources */ = {isa = PBXBuildFile; fileRef = 92A2553C21BD607F0098333A /* HomeRouter.swift */; };
		92A2554121BD607F0098333A /* HomeViewController.swift in Sources */ = {isa = PBXBuildFile; fileRef = 92A2553D21BD607F0098333A /* HomeViewController.swift */; };
		92A2554221BD607F0098333A /* HomeBuilder.swift in Sources */ = {isa = PBXBuildFile; fileRef = 92A2553E21BD607F0098333A /* HomeBuilder.swift */; };
		92A2554321BD607F0098333A /* HomeInteractor.swift in Sources */ = {isa = PBXBuildFile; fileRef = 92A2553F21BD607F0098333A /* HomeInteractor.swift */; };
		92A2554821BD69F90098333A /* View.swift in Sources */ = {isa = PBXBuildFile; fileRef = 92A2554721BD69F90098333A /* View.swift */; };
		92A2554D21BD85680098333A /* MLProcessor.swift in Sources */ = {isa = PBXBuildFile; fileRef = 92A2554C21BD85680098333A /* MLProcessor.swift */; };
		92A2555021BDA5AA0098333A /* MLProcessorResponse.swift in Sources */ = {isa = PBXBuildFile; fileRef = 92A2554F21BDA5AA0098333A /* MLProcessorResponse.swift */; };
		92A2555921BDB57C0098333A /* StatusRouter.swift in Sources */ = {isa = PBXBuildFile; fileRef = 92A2555521BDB57C0098333A /* StatusRouter.swift */; };
		92A2555A21BDB57C0098333A /* StatusViewController.swift in Sources */ = {isa = PBXBuildFile; fileRef = 92A2555621BDB57C0098333A /* StatusViewController.swift */; };
		92A2555B21BDB57C0098333A /* StatusBuilder.swift in Sources */ = {isa = PBXBuildFile; fileRef = 92A2555721BDB57C0098333A /* StatusBuilder.swift */; };
		92A2555C21BDB57C0098333A /* StatusInteractor.swift in Sources */ = {isa = PBXBuildFile; fileRef = 92A2555821BDB57C0098333A /* StatusInteractor.swift */; };
		92E14D5821BD542A00FF622B /* AppDelegate.swift in Sources */ = {isa = PBXBuildFile; fileRef = 92E14D5721BD542A00FF622B /* AppDelegate.swift */; };
		92E14D5F21BD542C00FF622B /* Assets.xcassets in Resources */ = {isa = PBXBuildFile; fileRef = 92E14D5E21BD542C00FF622B /* Assets.xcassets */; };
		92E14D6221BD542C00FF622B /* LaunchScreen.storyboard in Resources */ = {isa = PBXBuildFile; fileRef = 92E14D6021BD542C00FF622B /* LaunchScreen.storyboard */; };
		92E14D6D21BD542D00FF622B /* PettitudeTests.swift in Sources */ = {isa = PBXBuildFile; fileRef = 92E14D6C21BD542D00FF622B /* PettitudeTests.swift */; };
		92E14D7821BD542D00FF622B /* PettitudeUITests.swift in Sources */ = {isa = PBXBuildFile; fileRef = 92E14D7721BD542D00FF622B /* PettitudeUITests.swift */; };
		D328EC241E89C124036889DF /* Pods_PettitudeTests.framework in Frameworks */ = {isa = PBXBuildFile; fileRef = 39961957A0268D5A26E5CD2A /* Pods_PettitudeTests.framework */; };
/* End PBXBuildFile section */

/* Begin PBXContainerItemProxy section */
		92E14D6921BD542D00FF622B /* PBXContainerItemProxy */ = {
			isa = PBXContainerItemProxy;
			containerPortal = 92E14D4C21BD542A00FF622B /* Project object */;
			proxyType = 1;
			remoteGlobalIDString = 92E14D5321BD542A00FF622B;
			remoteInfo = Pettitude;
		};
		92E14D7421BD542D00FF622B /* PBXContainerItemProxy */ = {
			isa = PBXContainerItemProxy;
			containerPortal = 92E14D4C21BD542A00FF622B /* Project object */;
			proxyType = 1;
			remoteGlobalIDString = 92E14D5321BD542A00FF622B;
			remoteInfo = Pettitude;
		};
/* End PBXContainerItemProxy section */

/* Begin PBXFileReference section */
		13D3AD405B90E7E57899D75F /* Pods-PettitudeTests.release.xcconfig */ = {isa = PBXFileReference; includeInIndex = 1; lastKnownFileType = text.xcconfig; name = "Pods-PettitudeTests.release.xcconfig"; path = "Pods/Target Support Files/Pods-PettitudeTests/Pods-PettitudeTests.release.xcconfig"; sourceTree = "<group>"; };
		307A13CE51BEA0AF05FD5969 /* Pods-PettitudeUITests.release.xcconfig */ = {isa = PBXFileReference; includeInIndex = 1; lastKnownFileType = text.xcconfig; name = "Pods-PettitudeUITests.release.xcconfig"; path = "Pods/Target Support Files/Pods-PettitudeUITests/Pods-PettitudeUITests.release.xcconfig"; sourceTree = "<group>"; };
		39961957A0268D5A26E5CD2A /* Pods_PettitudeTests.framework */ = {isa = PBXFileReference; explicitFileType = wrapper.framework; includeInIndex = 0; path = Pods_PettitudeTests.framework; sourceTree = BUILT_PRODUCTS_DIR; };
		58FF100AC146A1FFA98BFD37 /* Pods_PettitudeUITests.framework */ = {isa = PBXFileReference; explicitFileType = wrapper.framework; includeInIndex = 0; path = Pods_PettitudeUITests.framework; sourceTree = BUILT_PRODUCTS_DIR; };
		7016A3DC21CC22300054E19F /* FeelingsGenerator.swift */ = {isa = PBXFileReference; lastKnownFileType = sourcecode.swift; path = FeelingsGenerator.swift; sourceTree = "<group>"; };
		70FD6D3921CE599400CA5D50 /* PettitudeErrorType.swift */ = {isa = PBXFileReference; lastKnownFileType = sourcecode.swift; path = PettitudeErrorType.swift; sourceTree = "<group>"; };
		70FD6D3B21CE69F700CA5D50 /* GoogleService-Info.plist */ = {isa = PBXFileReference; fileEncoding = 4; lastKnownFileType = text.plist.xml; path = "GoogleService-Info.plist"; sourceTree = "<group>"; };
		8890F82C7BEF98F42E2BA526 /* Pods-PettitudeTests.debug.xcconfig */ = {isa = PBXFileReference; includeInIndex = 1; lastKnownFileType = text.xcconfig; name = "Pods-PettitudeTests.debug.xcconfig"; path = "Pods/Target Support Files/Pods-PettitudeTests/Pods-PettitudeTests.debug.xcconfig"; sourceTree = "<group>"; };
		92000C7D21C071B700EB800B /* AnimalStream.swift */ = {isa = PBXFileReference; lastKnownFileType = sourcecode.swift; path = AnimalStream.swift; sourceTree = "<group>"; };
		92000C7F21C0780A00EB800B /* HomeComponent+Status.swift */ = {isa = PBXFileReference; lastKnownFileType = sourcecode.swift; path = "HomeComponent+Status.swift"; sourceTree = "<group>"; };
		92A2551A21BD58BD0098333A /* AppComponent.swift */ = {isa = PBXFileReference; lastKnownFileType = sourcecode.swift; path = AppComponent.swift; sourceTree = "<group>"; };
		92A2552621BD5C010098333A /* LoggedInRouter.swift */ = {isa = PBXFileReference; lastKnownFileType = sourcecode.swift; path = LoggedInRouter.swift; sourceTree = "<group>"; };
		92A2552721BD5C010098333A /* LoggedInBuilder.swift */ = {isa = PBXFileReference; lastKnownFileType = sourcecode.swift; path = LoggedInBuilder.swift; sourceTree = "<group>"; };
		92A2552821BD5C010098333A /* LoggedInInteractor.swift */ = {isa = PBXFileReference; lastKnownFileType = sourcecode.swift; path = LoggedInInteractor.swift; sourceTree = "<group>"; };
		92A2553021BD5DE60098333A /* RootInteractor.swift */ = {isa = PBXFileReference; fileEncoding = 4; lastKnownFileType = sourcecode.swift; path = RootInteractor.swift; sourceTree = "<group>"; };
		92A2553121BD5DE60098333A /* RootViewController.swift */ = {isa = PBXFileReference; fileEncoding = 4; lastKnownFileType = sourcecode.swift; path = RootViewController.swift; sourceTree = "<group>"; };
		92A2553221BD5DE60098333A /* RootComponent+LoggedIn.swift */ = {isa = PBXFileReference; fileEncoding = 4; lastKnownFileType = sourcecode.swift; path = "RootComponent+LoggedIn.swift"; sourceTree = "<group>"; };
		92A2553321BD5DE60098333A /* RootRouter.swift */ = {isa = PBXFileReference; fileEncoding = 4; lastKnownFileType = sourcecode.swift; path = RootRouter.swift; sourceTree = "<group>"; };
		92A2553421BD5DE60098333A /* RootBuilder.swift */ = {isa = PBXFileReference; fileEncoding = 4; lastKnownFileType = sourcecode.swift; path = RootBuilder.swift; sourceTree = "<group>"; };
		92A2553C21BD607F0098333A /* HomeRouter.swift */ = {isa = PBXFileReference; lastKnownFileType = sourcecode.swift; path = HomeRouter.swift; sourceTree = "<group>"; };
		92A2553D21BD607F0098333A /* HomeViewController.swift */ = {isa = PBXFileReference; lastKnownFileType = sourcecode.swift; path = HomeViewController.swift; sourceTree = "<group>"; };
		92A2553E21BD607F0098333A /* HomeBuilder.swift */ = {isa = PBXFileReference; lastKnownFileType = sourcecode.swift; path = HomeBuilder.swift; sourceTree = "<group>"; };
		92A2553F21BD607F0098333A /* HomeInteractor.swift */ = {isa = PBXFileReference; lastKnownFileType = sourcecode.swift; path = HomeInteractor.swift; sourceTree = "<group>"; };
		92A2554721BD69F90098333A /* View.swift */ = {isa = PBXFileReference; lastKnownFileType = sourcecode.swift; path = View.swift; sourceTree = "<group>"; };
		92A2554C21BD85680098333A /* MLProcessor.swift */ = {isa = PBXFileReference; lastKnownFileType = sourcecode.swift; path = MLProcessor.swift; sourceTree = "<group>"; };
		92A2554F21BDA5AA0098333A /* MLProcessorResponse.swift */ = {isa = PBXFileReference; lastKnownFileType = sourcecode.swift; path = MLProcessorResponse.swift; sourceTree = "<group>"; };
		92A2555521BDB57C0098333A /* StatusRouter.swift */ = {isa = PBXFileReference; lastKnownFileType = sourcecode.swift; path = StatusRouter.swift; sourceTree = "<group>"; };
		92A2555621BDB57C0098333A /* StatusViewController.swift */ = {isa = PBXFileReference; lastKnownFileType = sourcecode.swift; path = StatusViewController.swift; sourceTree = "<group>"; };
		92A2555721BDB57C0098333A /* StatusBuilder.swift */ = {isa = PBXFileReference; lastKnownFileType = sourcecode.swift; path = StatusBuilder.swift; sourceTree = "<group>"; };
		92A2555821BDB57C0098333A /* StatusInteractor.swift */ = {isa = PBXFileReference; lastKnownFileType = sourcecode.swift; path = StatusInteractor.swift; sourceTree = "<group>"; };
		92E14D5421BD542A00FF622B /* Pettitude.app */ = {isa = PBXFileReference; explicitFileType = wrapper.application; includeInIndex = 0; path = Pettitude.app; sourceTree = BUILT_PRODUCTS_DIR; };
		92E14D5721BD542A00FF622B /* AppDelegate.swift */ = {isa = PBXFileReference; lastKnownFileType = sourcecode.swift; path = AppDelegate.swift; sourceTree = "<group>"; };
		92E14D5E21BD542C00FF622B /* Assets.xcassets */ = {isa = PBXFileReference; lastKnownFileType = folder.assetcatalog; path = Assets.xcassets; sourceTree = "<group>"; };
		92E14D6121BD542C00FF622B /* Base */ = {isa = PBXFileReference; lastKnownFileType = file.storyboard; name = Base; path = Base.lproj/LaunchScreen.storyboard; sourceTree = "<group>"; };
		92E14D6321BD542C00FF622B /* Info.plist */ = {isa = PBXFileReference; lastKnownFileType = text.plist.xml; path = Info.plist; sourceTree = "<group>"; };
		92E14D6821BD542D00FF622B /* PettitudeTests.xctest */ = {isa = PBXFileReference; explicitFileType = wrapper.cfbundle; includeInIndex = 0; path = PettitudeTests.xctest; sourceTree = BUILT_PRODUCTS_DIR; };
		92E14D6C21BD542D00FF622B /* PettitudeTests.swift */ = {isa = PBXFileReference; lastKnownFileType = sourcecode.swift; path = PettitudeTests.swift; sourceTree = "<group>"; };
		92E14D6E21BD542D00FF622B /* Info.plist */ = {isa = PBXFileReference; lastKnownFileType = text.plist.xml; path = Info.plist; sourceTree = "<group>"; };
		92E14D7321BD542D00FF622B /* PettitudeUITests.xctest */ = {isa = PBXFileReference; explicitFileType = wrapper.cfbundle; includeInIndex = 0; path = PettitudeUITests.xctest; sourceTree = BUILT_PRODUCTS_DIR; };
		92E14D7721BD542D00FF622B /* PettitudeUITests.swift */ = {isa = PBXFileReference; lastKnownFileType = sourcecode.swift; path = PettitudeUITests.swift; sourceTree = "<group>"; };
		92E14D7921BD542D00FF622B /* Info.plist */ = {isa = PBXFileReference; lastKnownFileType = text.plist.xml; path = Info.plist; sourceTree = "<group>"; };
		AA654D8C51F4F1AF1DF27AD0 /* Pods_Pettitude.framework */ = {isa = PBXFileReference; explicitFileType = wrapper.framework; includeInIndex = 0; path = Pods_Pettitude.framework; sourceTree = BUILT_PRODUCTS_DIR; };
		BF8557CCBCC716404FEE407A /* Pods-Pettitude.release.xcconfig */ = {isa = PBXFileReference; includeInIndex = 1; lastKnownFileType = text.xcconfig; name = "Pods-Pettitude.release.xcconfig"; path = "Pods/Target Support Files/Pods-Pettitude/Pods-Pettitude.release.xcconfig"; sourceTree = "<group>"; };
		D040C4FDD5629DB4DEDABE35 /* Pods-PettitudeUITests.debug.xcconfig */ = {isa = PBXFileReference; includeInIndex = 1; lastKnownFileType = text.xcconfig; name = "Pods-PettitudeUITests.debug.xcconfig"; path = "Pods/Target Support Files/Pods-PettitudeUITests/Pods-PettitudeUITests.debug.xcconfig"; sourceTree = "<group>"; };
		DA9343CD93FEB53B8EB94D99 /* Pods-Pettitude.debug.xcconfig */ = {isa = PBXFileReference; includeInIndex = 1; lastKnownFileType = text.xcconfig; name = "Pods-Pettitude.debug.xcconfig"; path = "Pods/Target Support Files/Pods-Pettitude/Pods-Pettitude.debug.xcconfig"; sourceTree = "<group>"; };
/* End PBXFileReference section */

/* Begin PBXFrameworksBuildPhase section */
		92E14D5121BD542A00FF622B /* Frameworks */ = {
			isa = PBXFrameworksBuildPhase;
			buildActionMask = 2147483647;
			files = (
				0EDABB07CE8DBCA429150FB4 /* Pods_Pettitude.framework in Frameworks */,
			);
			runOnlyForDeploymentPostprocessing = 0;
		};
		92E14D6521BD542D00FF622B /* Frameworks */ = {
			isa = PBXFrameworksBuildPhase;
			buildActionMask = 2147483647;
			files = (
				D328EC241E89C124036889DF /* Pods_PettitudeTests.framework in Frameworks */,
			);
			runOnlyForDeploymentPostprocessing = 0;
		};
		92E14D7021BD542D00FF622B /* Frameworks */ = {
			isa = PBXFrameworksBuildPhase;
			buildActionMask = 2147483647;
			files = (
				7DC045A8B42288A246C1FFFB /* Pods_PettitudeUITests.framework in Frameworks */,
			);
			runOnlyForDeploymentPostprocessing = 0;
		};
/* End PBXFrameworksBuildPhase section */

/* Begin PBXGroup section */
		0713765F8EDA7D0C87C6CB9A /* Frameworks */ = {
			isa = PBXGroup;
			children = (
				AA654D8C51F4F1AF1DF27AD0 /* Pods_Pettitude.framework */,
				39961957A0268D5A26E5CD2A /* Pods_PettitudeTests.framework */,
				58FF100AC146A1FFA98BFD37 /* Pods_PettitudeUITests.framework */,
			);
			name = Frameworks;
			sourceTree = "<group>";
		};
		7016A3DB21CC219D0054E19F /* Feelings */ = {
			isa = PBXGroup;
			children = (
				7016A3DC21CC22300054E19F /* FeelingsGenerator.swift */,
			);
			path = Feelings;
			sourceTree = "<group>";
		};
		70FD6D3821CE597000CA5D50 /* PettitudeErrorType */ = {
			isa = PBXGroup;
			children = (
				70FD6D3921CE599400CA5D50 /* PettitudeErrorType.swift */,
			);
			path = PettitudeErrorType;
			sourceTree = "<group>";
		};
		92A2551921BD58980098333A /* AppStart */ = {
			isa = PBXGroup;
			children = (
				92E14D5721BD542A00FF622B /* AppDelegate.swift */,
				92A2551A21BD58BD0098333A /* AppComponent.swift */,
			);
			path = AppStart;
			sourceTree = "<group>";
		};
		92A2552521BD5BC40098333A /* LoggedIn */ = {
			isa = PBXGroup;
			children = (
				92A2552621BD5C010098333A /* LoggedInRouter.swift */,
				92A2552721BD5C010098333A /* LoggedInBuilder.swift */,
				92A2552821BD5C010098333A /* LoggedInInteractor.swift */,
			);
			path = LoggedIn;
			sourceTree = "<group>";
		};
		92A2552E21BD5DE60098333A /* Root */ = {
			isa = PBXGroup;
			children = (
				92A2553021BD5DE60098333A /* RootInteractor.swift */,
				92A2553121BD5DE60098333A /* RootViewController.swift */,
				92A2553221BD5DE60098333A /* RootComponent+LoggedIn.swift */,
				92A2553321BD5DE60098333A /* RootRouter.swift */,
				92A2553421BD5DE60098333A /* RootBuilder.swift */,
			);
			path = Root;
			sourceTree = "<group>";
		};
		92A2553B21BD606B0098333A /* Home */ = {
			isa = PBXGroup;
			children = (
				92A2553C21BD607F0098333A /* HomeRouter.swift */,
				92A2553D21BD607F0098333A /* HomeViewController.swift */,
				92000C7F21C0780A00EB800B /* HomeComponent+Status.swift */,
				92A2553E21BD607F0098333A /* HomeBuilder.swift */,
				92A2553F21BD607F0098333A /* HomeInteractor.swift */,
			);
			path = Home;
			sourceTree = "<group>";
		};
		92A2554621BD69EC0098333A /* SharedUI */ = {
			isa = PBXGroup;
			children = (
				92A2554721BD69F90098333A /* View.swift */,
			);
			path = SharedUI;
			sourceTree = "<group>";
		};
		92A2554B21BD85510098333A /* ML */ = {
			isa = PBXGroup;
			children = (
				92A2554C21BD85680098333A /* MLProcessor.swift */,
				92A2554F21BDA5AA0098333A /* MLProcessorResponse.swift */,
			);
			path = ML;
			sourceTree = "<group>";
		};
		92A2555421BDB5360098333A /* Status */ = {
			isa = PBXGroup;
			children = (
				92A2555521BDB57C0098333A /* StatusRouter.swift */,
				92A2555621BDB57C0098333A /* StatusViewController.swift */,
				92A2555721BDB57C0098333A /* StatusBuilder.swift */,
				92A2555821BDB57C0098333A /* StatusInteractor.swift */,
			);
			path = Status;
			sourceTree = "<group>";
		};
		92C0BA6C21C0717600E46D24 /* Models */ = {
			isa = PBXGroup;
			children = (
				92000C7D21C071B700EB800B /* AnimalStream.swift */,
			);
			path = Models;
			sourceTree = "<group>";
		};
		92E14D4B21BD542A00FF622B = {
			isa = PBXGroup;
			children = (
				92E14D5621BD542A00FF622B /* Pettitude */,
				92E14D6B21BD542D00FF622B /* PettitudeTests */,
				92E14D7621BD542D00FF622B /* PettitudeUITests */,
				92E14D5521BD542A00FF622B /* Products */,
				A85D4F6C4ABF926F58E8E94B /* Pods */,
				0713765F8EDA7D0C87C6CB9A /* Frameworks */,
			);
			sourceTree = "<group>";
		};
		92E14D5521BD542A00FF622B /* Products */ = {
			isa = PBXGroup;
			children = (
				92E14D5421BD542A00FF622B /* Pettitude.app */,
				92E14D6821BD542D00FF622B /* PettitudeTests.xctest */,
				92E14D7321BD542D00FF622B /* PettitudeUITests.xctest */,
			);
			name = Products;
			sourceTree = "<group>";
		};
		92E14D5621BD542A00FF622B /* Pettitude */ = {
			isa = PBXGroup;
			children = (
				70FD6D3821CE597000CA5D50 /* PettitudeErrorType */,
				7016A3DB21CC219D0054E19F /* Feelings */,
				92C0BA6C21C0717600E46D24 /* Models */,
				92A2555421BDB5360098333A /* Status */,
				92A2554B21BD85510098333A /* ML */,
				92A2554621BD69EC0098333A /* SharedUI */,
				92A2553B21BD606B0098333A /* Home */,
				92A2552E21BD5DE60098333A /* Root */,
				92A2552521BD5BC40098333A /* LoggedIn */,
				92A2551921BD58980098333A /* AppStart */,
				92E14D5E21BD542C00FF622B /* Assets.xcassets */,
				92E14D6021BD542C00FF622B /* LaunchScreen.storyboard */,
				92E14D6321BD542C00FF622B /* Info.plist */,
				70FD6D3B21CE69F700CA5D50 /* GoogleService-Info.plist */,
			);
			path = Pettitude;
			sourceTree = "<group>";
		};
		92E14D6B21BD542D00FF622B /* PettitudeTests */ = {
			isa = PBXGroup;
			children = (
				92E14D6C21BD542D00FF622B /* PettitudeTests.swift */,
				92E14D6E21BD542D00FF622B /* Info.plist */,
			);
			path = PettitudeTests;
			sourceTree = "<group>";
		};
		92E14D7621BD542D00FF622B /* PettitudeUITests */ = {
			isa = PBXGroup;
			children = (
				92E14D7721BD542D00FF622B /* PettitudeUITests.swift */,
				92E14D7921BD542D00FF622B /* Info.plist */,
			);
			path = PettitudeUITests;
			sourceTree = "<group>";
		};
		A85D4F6C4ABF926F58E8E94B /* Pods */ = {
			isa = PBXGroup;
			children = (
				DA9343CD93FEB53B8EB94D99 /* Pods-Pettitude.debug.xcconfig */,
				BF8557CCBCC716404FEE407A /* Pods-Pettitude.release.xcconfig */,
				8890F82C7BEF98F42E2BA526 /* Pods-PettitudeTests.debug.xcconfig */,
				13D3AD405B90E7E57899D75F /* Pods-PettitudeTests.release.xcconfig */,
				D040C4FDD5629DB4DEDABE35 /* Pods-PettitudeUITests.debug.xcconfig */,
				307A13CE51BEA0AF05FD5969 /* Pods-PettitudeUITests.release.xcconfig */,
			);
			name = Pods;
			sourceTree = "<group>";
		};
/* End PBXGroup section */

/* Begin PBXNativeTarget section */
		92E14D5321BD542A00FF622B /* Pettitude */ = {
			isa = PBXNativeTarget;
			buildConfigurationList = 92E14D7C21BD542D00FF622B /* Build configuration list for PBXNativeTarget "Pettitude" */;
			buildPhases = (
				5867239A2920D6BA70132124 /* [CP] Check Pods Manifest.lock */,
				CEC22706A1CA5761AAA48A11 /* [Amimono] Create filelist per architecture */,
				92E14D5021BD542A00FF622B /* Sources */,
				92E14D5121BD542A00FF622B /* Frameworks */,
				92E14D5221BD542A00FF622B /* Resources */,
				92A2554E21BD9E0E0098333A /* ShellScript */,
				0E117FB3B369ACA84E54BF9C /* [CP] Embed Pods Frameworks */,
			);
			buildRules = (
			);
			dependencies = (
			);
			name = Pettitude;
			productName = Pettitude;
			productReference = 92E14D5421BD542A00FF622B /* Pettitude.app */;
			productType = "com.apple.product-type.application";
		};
		92E14D6721BD542D00FF622B /* PettitudeTests */ = {
			isa = PBXNativeTarget;
			buildConfigurationList = 92E14D7F21BD542D00FF622B /* Build configuration list for PBXNativeTarget "PettitudeTests" */;
			buildPhases = (
				AF7ADA08BBA1FA6C57DD8CA4 /* [CP] Check Pods Manifest.lock */,
				92E14D6421BD542D00FF622B /* Sources */,
				92E14D6521BD542D00FF622B /* Frameworks */,
				92E14D6621BD542D00FF622B /* Resources */,
				27E71DF60D77E46BF44E0325 /* [CP] Embed Pods Frameworks */,
			);
			buildRules = (
			);
			dependencies = (
				92E14D6A21BD542D00FF622B /* PBXTargetDependency */,
			);
			name = PettitudeTests;
			productName = PettitudeTests;
			productReference = 92E14D6821BD542D00FF622B /* PettitudeTests.xctest */;
			productType = "com.apple.product-type.bundle.unit-test";
		};
		92E14D7221BD542D00FF622B /* PettitudeUITests */ = {
			isa = PBXNativeTarget;
			buildConfigurationList = 92E14D8221BD542D00FF622B /* Build configuration list for PBXNativeTarget "PettitudeUITests" */;
			buildPhases = (
				E0A3C19B2BE083CE19A0DC30 /* [CP] Check Pods Manifest.lock */,
				92E14D6F21BD542D00FF622B /* Sources */,
				92E14D7021BD542D00FF622B /* Frameworks */,
				92E14D7121BD542D00FF622B /* Resources */,
			);
			buildRules = (
			);
			dependencies = (
				92E14D7521BD542D00FF622B /* PBXTargetDependency */,
			);
			name = PettitudeUITests;
			productName = PettitudeUITests;
			productReference = 92E14D7321BD542D00FF622B /* PettitudeUITests.xctest */;
			productType = "com.apple.product-type.bundle.ui-testing";
		};
/* End PBXNativeTarget section */

/* Begin PBXProject section */
		92E14D4C21BD542A00FF622B /* Project object */ = {
			isa = PBXProject;
			attributes = {
				LastSwiftUpdateCheck = 1010;
				LastUpgradeCheck = 1010;
				ORGANIZATIONNAME = "Arthur Papailhau";
				TargetAttributes = {
					92E14D5321BD542A00FF622B = {
						CreatedOnToolsVersion = 10.1;
					};
					92E14D6721BD542D00FF622B = {
						CreatedOnToolsVersion = 10.1;
						TestTargetID = 92E14D5321BD542A00FF622B;
					};
					92E14D7221BD542D00FF622B = {
						CreatedOnToolsVersion = 10.1;
						TestTargetID = 92E14D5321BD542A00FF622B;
					};
				};
			};
			buildConfigurationList = 92E14D4F21BD542A00FF622B /* Build configuration list for PBXProject "Pettitude" */;
			compatibilityVersion = "Xcode 9.3";
			developmentRegion = en;
			hasScannedForEncodings = 0;
			knownRegions = (
				en,
				Base,
			);
			mainGroup = 92E14D4B21BD542A00FF622B;
			productRefGroup = 92E14D5521BD542A00FF622B /* Products */;
			projectDirPath = "";
			projectRoot = "";
			targets = (
				92E14D5321BD542A00FF622B /* Pettitude */,
				92E14D6721BD542D00FF622B /* PettitudeTests */,
				92E14D7221BD542D00FF622B /* PettitudeUITests */,
			);
		};
/* End PBXProject section */

/* Begin PBXResourcesBuildPhase section */
		92E14D5221BD542A00FF622B /* Resources */ = {
			isa = PBXResourcesBuildPhase;
			buildActionMask = 2147483647;
			files = (
				92E14D6221BD542C00FF622B /* LaunchScreen.storyboard in Resources */,
				92E14D5F21BD542C00FF622B /* Assets.xcassets in Resources */,
				70FD6D3C21CE69F700CA5D50 /* GoogleService-Info.plist in Resources */,
			);
			runOnlyForDeploymentPostprocessing = 0;
		};
		92E14D6621BD542D00FF622B /* Resources */ = {
			isa = PBXResourcesBuildPhase;
			buildActionMask = 2147483647;
			files = (
			);
			runOnlyForDeploymentPostprocessing = 0;
		};
		92E14D7121BD542D00FF622B /* Resources */ = {
			isa = PBXResourcesBuildPhase;
			buildActionMask = 2147483647;
			files = (
			);
			runOnlyForDeploymentPostprocessing = 0;
		};
/* End PBXResourcesBuildPhase section */

/* Begin PBXShellScriptBuildPhase section */
		0E117FB3B369ACA84E54BF9C /* [CP] Embed Pods Frameworks */ = {
			isa = PBXShellScriptBuildPhase;
			buildActionMask = 2147483647;
			files = (
			);
			inputFileListPaths = (
			);
			inputPaths = (
				"${SRCROOT}/Pods/Target Support Files/Pods-Pettitude/Pods-Pettitude-frameworks.sh",
				"${BUILT_PRODUCTS_DIR}/BulletinBoard/BLTNBoard.framework",
				"${BUILT_PRODUCTS_DIR}/GTMSessionFetcher/GTMSessionFetcher.framework",
				"${BUILT_PRODUCTS_DIR}/GoogleAPIClientForREST/GoogleAPIClientForREST.framework",
				"${BUILT_PRODUCTS_DIR}/GoogleToolboxForMac/GoogleToolboxForMac.framework",
				"${BUILT_PRODUCTS_DIR}/GoogleUtilities/GoogleUtilities.framework",
				"${BUILT_PRODUCTS_DIR}/Protobuf/Protobuf.framework",
				"${BUILT_PRODUCTS_DIR}/RIBs/RIBs.framework",
				"${BUILT_PRODUCTS_DIR}/RxAtomic/RxAtomic.framework",
				"${BUILT_PRODUCTS_DIR}/RxCocoa/RxCocoa.framework",
				"${BUILT_PRODUCTS_DIR}/RxSwift/RxSwift.framework",
				"${BUILT_PRODUCTS_DIR}/SnapKit/SnapKit.framework",
				"${BUILT_PRODUCTS_DIR}/nanopb/nanopb.framework",
			);
			name = "[CP] Embed Pods Frameworks";
			outputFileListPaths = (
			);
			outputPaths = (
				"${TARGET_BUILD_DIR}/${FRAMEWORKS_FOLDER_PATH}/BLTNBoard.framework",
				"${TARGET_BUILD_DIR}/${FRAMEWORKS_FOLDER_PATH}/GTMSessionFetcher.framework",
				"${TARGET_BUILD_DIR}/${FRAMEWORKS_FOLDER_PATH}/GoogleAPIClientForREST.framework",
				"${TARGET_BUILD_DIR}/${FRAMEWORKS_FOLDER_PATH}/GoogleToolboxForMac.framework",
				"${TARGET_BUILD_DIR}/${FRAMEWORKS_FOLDER_PATH}/GoogleUtilities.framework",
				"${TARGET_BUILD_DIR}/${FRAMEWORKS_FOLDER_PATH}/Protobuf.framework",
				"${TARGET_BUILD_DIR}/${FRAMEWORKS_FOLDER_PATH}/RIBs.framework",
				"${TARGET_BUILD_DIR}/${FRAMEWORKS_FOLDER_PATH}/RxAtomic.framework",
				"${TARGET_BUILD_DIR}/${FRAMEWORKS_FOLDER_PATH}/RxCocoa.framework",
				"${TARGET_BUILD_DIR}/${FRAMEWORKS_FOLDER_PATH}/RxSwift.framework",
				"${TARGET_BUILD_DIR}/${FRAMEWORKS_FOLDER_PATH}/SnapKit.framework",
				"${TARGET_BUILD_DIR}/${FRAMEWORKS_FOLDER_PATH}/nanopb.framework",
			);
			runOnlyForDeploymentPostprocessing = 0;
			shellPath = /bin/sh;
			shellScript = "\"${SRCROOT}/Pods/Target Support Files/Pods-Pettitude/Pods-Pettitude-frameworks.sh\"\n";
			showEnvVarsInLog = 0;
		};
		27E71DF60D77E46BF44E0325 /* [CP] Embed Pods Frameworks */ = {
			isa = PBXShellScriptBuildPhase;
			buildActionMask = 2147483647;
			files = (
			);
			inputFileListPaths = (
			);
			inputPaths = (
				"${SRCROOT}/Pods/Target Support Files/Pods-PettitudeTests/Pods-PettitudeTests-frameworks.sh",
				"${BUILT_PRODUCTS_DIR}/GoogleUtilities/GoogleUtilities.framework",
				"${BUILT_PRODUCTS_DIR}/nanopb/nanopb.framework",
			);
			name = "[CP] Embed Pods Frameworks";
			outputFileListPaths = (
			);
			outputPaths = (
				"${TARGET_BUILD_DIR}/${FRAMEWORKS_FOLDER_PATH}/GoogleUtilities.framework",
				"${TARGET_BUILD_DIR}/${FRAMEWORKS_FOLDER_PATH}/nanopb.framework",
			);
			runOnlyForDeploymentPostprocessing = 0;
			shellPath = /bin/sh;
			shellScript = "\"${SRCROOT}/Pods/Target Support Files/Pods-PettitudeTests/Pods-PettitudeTests-frameworks.sh\"\n";
			showEnvVarsInLog = 0;
		};
		5867239A2920D6BA70132124 /* [CP] Check Pods Manifest.lock */ = {
			isa = PBXShellScriptBuildPhase;
			buildActionMask = 2147483647;
			files = (
			);
			inputPaths = (
				"${PODS_PODFILE_DIR_PATH}/Podfile.lock",
				"${PODS_ROOT}/Manifest.lock",
			);
			name = "[CP] Check Pods Manifest.lock";
			outputPaths = (
				"$(DERIVED_FILE_DIR)/Pods-Pettitude-checkManifestLockResult.txt",
			);
			runOnlyForDeploymentPostprocessing = 0;
			shellPath = /bin/sh;
			shellScript = "diff \"${PODS_PODFILE_DIR_PATH}/Podfile.lock\" \"${PODS_ROOT}/Manifest.lock\" > /dev/null\nif [ $? != 0 ] ; then\n    # print error to STDERR\n    echo \"error: The sandbox is not in sync with the Podfile.lock. Run 'pod install' or update your CocoaPods installation.\" >&2\n    exit 1\nfi\n# This output is used by Xcode 'outputs' to avoid re-running this script phase.\necho \"SUCCESS\" > \"${SCRIPT_OUTPUT_FILE_0}\"\n";
			showEnvVarsInLog = 0;
		};
		92A2554E21BD9E0E0098333A /* ShellScript */ = {
			isa = PBXShellScriptBuildPhase;
			buildActionMask = 2147483647;
			files = (
			);
			inputPaths = (
			);
			outputPaths = (
			);
			runOnlyForDeploymentPostprocessing = 0;
			shellPath = /bin/sh;
			shellScript = "\"${PODS_ROOT}/SwiftLint/swiftlint\"\n\n";
		};
		AF7ADA08BBA1FA6C57DD8CA4 /* [CP] Check Pods Manifest.lock */ = {
			isa = PBXShellScriptBuildPhase;
			buildActionMask = 2147483647;
			files = (
			);
			inputPaths = (
				"${PODS_PODFILE_DIR_PATH}/Podfile.lock",
				"${PODS_ROOT}/Manifest.lock",
			);
			name = "[CP] Check Pods Manifest.lock";
			outputPaths = (
				"$(DERIVED_FILE_DIR)/Pods-PettitudeTests-checkManifestLockResult.txt",
			);
			runOnlyForDeploymentPostprocessing = 0;
			shellPath = /bin/sh;
			shellScript = "diff \"${PODS_PODFILE_DIR_PATH}/Podfile.lock\" \"${PODS_ROOT}/Manifest.lock\" > /dev/null\nif [ $? != 0 ] ; then\n    # print error to STDERR\n    echo \"error: The sandbox is not in sync with the Podfile.lock. Run 'pod install' or update your CocoaPods installation.\" >&2\n    exit 1\nfi\n# This output is used by Xcode 'outputs' to avoid re-running this script phase.\necho \"SUCCESS\" > \"${SCRIPT_OUTPUT_FILE_0}\"\n";
			showEnvVarsInLog = 0;
		};
		CEC22706A1CA5761AAA48A11 /* [Amimono] Create filelist per architecture */ = {
			isa = PBXShellScriptBuildPhase;
			buildActionMask = 2147483647;
			files = (
			);
			inputFileListPaths = (
			);
			inputPaths = (
			);
			name = "[Amimono] Create filelist per architecture";
			outputFileListPaths = (
			);
			outputPaths = (
			);
			runOnlyForDeploymentPostprocessing = 0;
			shellPath = /bin/bash;
			shellScript = "declare -a DEPENDENCIES=('BulletinBoard' 'FirebaseCore' 'GTMSessionFetcher' 'GoogleAPIClientForREST' 'GoogleToolboxForMac' 'GoogleUtilities' 'Protobuf' 'RIBs' 'RxAtomic' 'RxCocoa' 'RxSwift' 'SnapKit' 'nanopb');\nIFS=\" \" read -r -a SPLIT <<< \"$ARCHS\"\nfor ARCH in \"${SPLIT[@]}\"; do\n  cd \"$OBJROOT/Pods.build\"\n  filelist=\"\"\n  for dependency in \"${DEPENDENCIES[@]}\"; do\n    path=\"${CONFIGURATION}${EFFECTIVE_PLATFORM_NAME}/${dependency}.build/Objects-normal/${ARCH}\"\n    if [ -d \"$path\" ]; then\n      search_path=\"$path/*.o\"\n      for obj_file in $search_path; do\n        filelist+=\"${OBJROOT}/Pods.build/${obj_file}\"\n        filelist+=$'\\n'\n      done\n    fi\n  done\n  filelist=${filelist%$'\\n'}\n  echo \"$filelist\" > \"${CONFIGURATION}${EFFECTIVE_PLATFORM_NAME}-${TARGET_NAME}-${ARCH}.objects.filelist\"\ndone\n";
		};
		E0A3C19B2BE083CE19A0DC30 /* [CP] Check Pods Manifest.lock */ = {
			isa = PBXShellScriptBuildPhase;
			buildActionMask = 2147483647;
			files = (
			);
			inputPaths = (
				"${PODS_PODFILE_DIR_PATH}/Podfile.lock",
				"${PODS_ROOT}/Manifest.lock",
			);
			name = "[CP] Check Pods Manifest.lock";
			outputPaths = (
				"$(DERIVED_FILE_DIR)/Pods-PettitudeUITests-checkManifestLockResult.txt",
			);
			runOnlyForDeploymentPostprocessing = 0;
			shellPath = /bin/sh;
			shellScript = "diff \"${PODS_PODFILE_DIR_PATH}/Podfile.lock\" \"${PODS_ROOT}/Manifest.lock\" > /dev/null\nif [ $? != 0 ] ; then\n    # print error to STDERR\n    echo \"error: The sandbox is not in sync with the Podfile.lock. Run 'pod install' or update your CocoaPods installation.\" >&2\n    exit 1\nfi\n# This output is used by Xcode 'outputs' to avoid re-running this script phase.\necho \"SUCCESS\" > \"${SCRIPT_OUTPUT_FILE_0}\"\n";
			showEnvVarsInLog = 0;
		};
/* End PBXShellScriptBuildPhase section */

/* Begin PBXSourcesBuildPhase section */
		92E14D5021BD542A00FF622B /* Sources */ = {
			isa = PBXSourcesBuildPhase;
			buildActionMask = 2147483647;
			files = (
				92A2552921BD5C010098333A /* LoggedInRouter.swift in Sources */,
				92A2555A21BDB57C0098333A /* StatusViewController.swift in Sources */,
				92A2554021BD607F0098333A /* HomeRouter.swift in Sources */,
				92A2553721BD5DE60098333A /* RootViewController.swift in Sources */,
				92A2554321BD607F0098333A /* HomeInteractor.swift in Sources */,
				92A2555021BDA5AA0098333A /* MLProcessorResponse.swift in Sources */,
				92000C8021C0780A00EB800B /* HomeComponent+Status.swift in Sources */,
				92A2555C21BDB57C0098333A /* StatusInteractor.swift in Sources */,
				92A2554821BD69F90098333A /* View.swift in Sources */,
				92A2552B21BD5C010098333A /* LoggedInInteractor.swift in Sources */,
				92A2553821BD5DE60098333A /* RootComponent+LoggedIn.swift in Sources */,
				92A2555921BDB57C0098333A /* StatusRouter.swift in Sources */,
				92A2552A21BD5C010098333A /* LoggedInBuilder.swift in Sources */,
				92E14D5821BD542A00FF622B /* AppDelegate.swift in Sources */,
				7016A3DD21CC22300054E19F /* FeelingsGenerator.swift in Sources */,
				92A2554D21BD85680098333A /* MLProcessor.swift in Sources */,
				70FD6D3A21CE599400CA5D50 /* PettitudeErrorType.swift in Sources */,
				92A2555B21BDB57C0098333A /* StatusBuilder.swift in Sources */,
				92A2553921BD5DE60098333A /* RootRouter.swift in Sources */,
				92A2553621BD5DE60098333A /* RootInteractor.swift in Sources */,
				92A2554221BD607F0098333A /* HomeBuilder.swift in Sources */,
				92A2551B21BD58BD0098333A /* AppComponent.swift in Sources */,
				92A2554121BD607F0098333A /* HomeViewController.swift in Sources */,
				92A2553A21BD5DE60098333A /* RootBuilder.swift in Sources */,
				92000C7E21C071B700EB800B /* AnimalStream.swift in Sources */,
			);
			runOnlyForDeploymentPostprocessing = 0;
		};
		92E14D6421BD542D00FF622B /* Sources */ = {
			isa = PBXSourcesBuildPhase;
			buildActionMask = 2147483647;
			files = (
				92E14D6D21BD542D00FF622B /* PettitudeTests.swift in Sources */,
			);
			runOnlyForDeploymentPostprocessing = 0;
		};
		92E14D6F21BD542D00FF622B /* Sources */ = {
			isa = PBXSourcesBuildPhase;
			buildActionMask = 2147483647;
			files = (
				92E14D7821BD542D00FF622B /* PettitudeUITests.swift in Sources */,
			);
			runOnlyForDeploymentPostprocessing = 0;
		};
/* End PBXSourcesBuildPhase section */

/* Begin PBXTargetDependency section */
		92E14D6A21BD542D00FF622B /* PBXTargetDependency */ = {
			isa = PBXTargetDependency;
			target = 92E14D5321BD542A00FF622B /* Pettitude */;
			targetProxy = 92E14D6921BD542D00FF622B /* PBXContainerItemProxy */;
		};
		92E14D7521BD542D00FF622B /* PBXTargetDependency */ = {
			isa = PBXTargetDependency;
			target = 92E14D5321BD542A00FF622B /* Pettitude */;
			targetProxy = 92E14D7421BD542D00FF622B /* PBXContainerItemProxy */;
		};
/* End PBXTargetDependency section */

/* Begin PBXVariantGroup section */
		92E14D6021BD542C00FF622B /* LaunchScreen.storyboard */ = {
			isa = PBXVariantGroup;
			children = (
				92E14D6121BD542C00FF622B /* Base */,
			);
			name = LaunchScreen.storyboard;
			sourceTree = "<group>";
		};
/* End PBXVariantGroup section */

/* Begin XCBuildConfiguration section */
		92E14D7A21BD542D00FF622B /* Debug */ = {
			isa = XCBuildConfiguration;
			buildSettings = {
				ALWAYS_SEARCH_USER_PATHS = NO;
				CLANG_ANALYZER_NONNULL = YES;
				CLANG_ANALYZER_NUMBER_OBJECT_CONVERSION = YES_AGGRESSIVE;
				CLANG_CXX_LANGUAGE_STANDARD = "gnu++14";
				CLANG_CXX_LIBRARY = "libc++";
				CLANG_ENABLE_MODULES = YES;
				CLANG_ENABLE_OBJC_ARC = YES;
				CLANG_ENABLE_OBJC_WEAK = YES;
				CLANG_WARN_BLOCK_CAPTURE_AUTORELEASING = YES;
				CLANG_WARN_BOOL_CONVERSION = YES;
				CLANG_WARN_COMMA = YES;
				CLANG_WARN_CONSTANT_CONVERSION = YES;
				CLANG_WARN_DEPRECATED_OBJC_IMPLEMENTATIONS = YES;
				CLANG_WARN_DIRECT_OBJC_ISA_USAGE = YES_ERROR;
				CLANG_WARN_DOCUMENTATION_COMMENTS = YES;
				CLANG_WARN_EMPTY_BODY = YES;
				CLANG_WARN_ENUM_CONVERSION = YES;
				CLANG_WARN_INFINITE_RECURSION = YES;
				CLANG_WARN_INT_CONVERSION = YES;
				CLANG_WARN_NON_LITERAL_NULL_CONVERSION = YES;
				CLANG_WARN_OBJC_IMPLICIT_RETAIN_SELF = YES;
				CLANG_WARN_OBJC_LITERAL_CONVERSION = YES;
				CLANG_WARN_OBJC_ROOT_CLASS = YES_ERROR;
				CLANG_WARN_RANGE_LOOP_ANALYSIS = YES;
				CLANG_WARN_STRICT_PROTOTYPES = YES;
				CLANG_WARN_SUSPICIOUS_MOVE = YES;
				CLANG_WARN_UNGUARDED_AVAILABILITY = YES_AGGRESSIVE;
				CLANG_WARN_UNREACHABLE_CODE = YES;
				CLANG_WARN__DUPLICATE_METHOD_MATCH = YES;
				CODE_SIGN_IDENTITY = "iPhone Developer";
				COPY_PHASE_STRIP = NO;
				DEBUG_INFORMATION_FORMAT = dwarf;
				ENABLE_STRICT_OBJC_MSGSEND = YES;
				ENABLE_TESTABILITY = YES;
				GCC_C_LANGUAGE_STANDARD = gnu11;
				GCC_DYNAMIC_NO_PIC = NO;
				GCC_NO_COMMON_BLOCKS = YES;
				GCC_OPTIMIZATION_LEVEL = 0;
				GCC_PREPROCESSOR_DEFINITIONS = (
					"DEBUG=1",
					"$(inherited)",
				);
				GCC_WARN_64_TO_32_BIT_CONVERSION = YES;
				GCC_WARN_ABOUT_RETURN_TYPE = YES_ERROR;
				GCC_WARN_UNDECLARED_SELECTOR = YES;
				GCC_WARN_UNINITIALIZED_AUTOS = YES_AGGRESSIVE;
				GCC_WARN_UNUSED_FUNCTION = YES;
				GCC_WARN_UNUSED_VARIABLE = YES;
				IPHONEOS_DEPLOYMENT_TARGET = 12.1;
				MTL_ENABLE_DEBUG_INFO = INCLUDE_SOURCE;
				MTL_FAST_MATH = YES;
				ONLY_ACTIVE_ARCH = YES;
				SDKROOT = iphoneos;
				SWIFT_ACTIVE_COMPILATION_CONDITIONS = DEBUG;
				SWIFT_OPTIMIZATION_LEVEL = "-Onone";
			};
			name = Debug;
		};
		92E14D7B21BD542D00FF622B /* Release */ = {
			isa = XCBuildConfiguration;
			buildSettings = {
				ALWAYS_SEARCH_USER_PATHS = NO;
				CLANG_ANALYZER_NONNULL = YES;
				CLANG_ANALYZER_NUMBER_OBJECT_CONVERSION = YES_AGGRESSIVE;
				CLANG_CXX_LANGUAGE_STANDARD = "gnu++14";
				CLANG_CXX_LIBRARY = "libc++";
				CLANG_ENABLE_MODULES = YES;
				CLANG_ENABLE_OBJC_ARC = YES;
				CLANG_ENABLE_OBJC_WEAK = YES;
				CLANG_WARN_BLOCK_CAPTURE_AUTORELEASING = YES;
				CLANG_WARN_BOOL_CONVERSION = YES;
				CLANG_WARN_COMMA = YES;
				CLANG_WARN_CONSTANT_CONVERSION = YES;
				CLANG_WARN_DEPRECATED_OBJC_IMPLEMENTATIONS = YES;
				CLANG_WARN_DIRECT_OBJC_ISA_USAGE = YES_ERROR;
				CLANG_WARN_DOCUMENTATION_COMMENTS = YES;
				CLANG_WARN_EMPTY_BODY = YES;
				CLANG_WARN_ENUM_CONVERSION = YES;
				CLANG_WARN_INFINITE_RECURSION = YES;
				CLANG_WARN_INT_CONVERSION = YES;
				CLANG_WARN_NON_LITERAL_NULL_CONVERSION = YES;
				CLANG_WARN_OBJC_IMPLICIT_RETAIN_SELF = YES;
				CLANG_WARN_OBJC_LITERAL_CONVERSION = YES;
				CLANG_WARN_OBJC_ROOT_CLASS = YES_ERROR;
				CLANG_WARN_RANGE_LOOP_ANALYSIS = YES;
				CLANG_WARN_STRICT_PROTOTYPES = YES;
				CLANG_WARN_SUSPICIOUS_MOVE = YES;
				CLANG_WARN_UNGUARDED_AVAILABILITY = YES_AGGRESSIVE;
				CLANG_WARN_UNREACHABLE_CODE = YES;
				CLANG_WARN__DUPLICATE_METHOD_MATCH = YES;
				CODE_SIGN_IDENTITY = "iPhone Developer";
				COPY_PHASE_STRIP = NO;
				DEBUG_INFORMATION_FORMAT = "dwarf-with-dsym";
				ENABLE_NS_ASSERTIONS = NO;
				ENABLE_STRICT_OBJC_MSGSEND = YES;
				GCC_C_LANGUAGE_STANDARD = gnu11;
				GCC_NO_COMMON_BLOCKS = YES;
				GCC_WARN_64_TO_32_BIT_CONVERSION = YES;
				GCC_WARN_ABOUT_RETURN_TYPE = YES_ERROR;
				GCC_WARN_UNDECLARED_SELECTOR = YES;
				GCC_WARN_UNINITIALIZED_AUTOS = YES_AGGRESSIVE;
				GCC_WARN_UNUSED_FUNCTION = YES;
				GCC_WARN_UNUSED_VARIABLE = YES;
				IPHONEOS_DEPLOYMENT_TARGET = 12.1;
				MTL_ENABLE_DEBUG_INFO = NO;
				MTL_FAST_MATH = YES;
				SDKROOT = iphoneos;
				SWIFT_COMPILATION_MODE = wholemodule;
				SWIFT_OPTIMIZATION_LEVEL = "-O";
				VALIDATE_PRODUCT = YES;
			};
			name = Release;
		};
		92E14D7D21BD542D00FF622B /* Debug */ = {
			isa = XCBuildConfiguration;
			baseConfigurationReference = DA9343CD93FEB53B8EB94D99 /* Pods-Pettitude.debug.xcconfig */;
			buildSettings = {
				ASSETCATALOG_COMPILER_APPICON_NAME = AppIcon;
				CODE_SIGN_STYLE = Automatic;
				DEVELOPMENT_TEAM = Q4B996RU7K;
				INFOPLIST_FILE = Pettitude/Info.plist;
				LD_RUNPATH_SEARCH_PATHS = (
					"$(inherited)",
					"@executable_path/Frameworks",
				);
				PRODUCT_BUNDLE_IDENTIFIER = com.pettitude.pettitude;
				PRODUCT_NAME = "$(TARGET_NAME)";
				SWIFT_VERSION = 4.2;
				TARGETED_DEVICE_FAMILY = "1,2";
			};
			name = Debug;
		};
		92E14D7E21BD542D00FF622B /* Release */ = {
			isa = XCBuildConfiguration;
			baseConfigurationReference = BF8557CCBCC716404FEE407A /* Pods-Pettitude.release.xcconfig */;
			buildSettings = {
				ASSETCATALOG_COMPILER_APPICON_NAME = AppIcon;
				CODE_SIGN_STYLE = Automatic;
				DEVELOPMENT_TEAM = Q4B996RU7K;
				INFOPLIST_FILE = Pettitude/Info.plist;
				LD_RUNPATH_SEARCH_PATHS = (
					"$(inherited)",
					"@executable_path/Frameworks",
				);
				PRODUCT_BUNDLE_IDENTIFIER = com.pettitude.pettitude;
				PRODUCT_NAME = "$(TARGET_NAME)";
				SWIFT_VERSION = 4.2;
				TARGETED_DEVICE_FAMILY = "1,2";
			};
			name = Release;
		};
		92E14D8021BD542D00FF622B /* Debug */ = {
			isa = XCBuildConfiguration;
			baseConfigurationReference = 8890F82C7BEF98F42E2BA526 /* Pods-PettitudeTests.debug.xcconfig */;
			buildSettings = {
				ALWAYS_EMBED_SWIFT_STANDARD_LIBRARIES = YES;
				BUNDLE_LOADER = "$(TEST_HOST)";
				CODE_SIGN_STYLE = Automatic;
				DEVELOPMENT_TEAM = Q4B996RU7K;
				INFOPLIST_FILE = PettitudeTests/Info.plist;
				LD_RUNPATH_SEARCH_PATHS = (
					"$(inherited)",
					"@executable_path/Frameworks",
					"@loader_path/Frameworks",
				);
				PRODUCT_BUNDLE_IDENTIFIER = Papay0.PettitudeTests;
				PRODUCT_NAME = "$(TARGET_NAME)";
				SWIFT_VERSION = 4.2;
				TARGETED_DEVICE_FAMILY = "1,2";
				TEST_HOST = "$(BUILT_PRODUCTS_DIR)/Pettitude.app/Pettitude";
			};
			name = Debug;
		};
		92E14D8121BD542D00FF622B /* Release */ = {
			isa = XCBuildConfiguration;
			baseConfigurationReference = 13D3AD405B90E7E57899D75F /* Pods-PettitudeTests.release.xcconfig */;
			buildSettings = {
				ALWAYS_EMBED_SWIFT_STANDARD_LIBRARIES = YES;
				BUNDLE_LOADER = "$(TEST_HOST)";
				CODE_SIGN_STYLE = Automatic;
				DEVELOPMENT_TEAM = Q4B996RU7K;
				INFOPLIST_FILE = PettitudeTests/Info.plist;
				LD_RUNPATH_SEARCH_PATHS = (
					"$(inherited)",
					"@executable_path/Frameworks",
					"@loader_path/Frameworks",
				);
				PRODUCT_BUNDLE_IDENTIFIER = Papay0.PettitudeTests;
				PRODUCT_NAME = "$(TARGET_NAME)";
				SWIFT_VERSION = 4.2;
				TARGETED_DEVICE_FAMILY = "1,2";
				TEST_HOST = "$(BUILT_PRODUCTS_DIR)/Pettitude.app/Pettitude";
			};
			name = Release;
		};
		92E14D8321BD542D00FF622B /* Debug */ = {
			isa = XCBuildConfiguration;
			baseConfigurationReference = D040C4FDD5629DB4DEDABE35 /* Pods-PettitudeUITests.debug.xcconfig */;
			buildSettings = {
				ALWAYS_EMBED_SWIFT_STANDARD_LIBRARIES = YES;
				CODE_SIGN_STYLE = Automatic;
				DEVELOPMENT_TEAM = Q4B996RU7K;
				INFOPLIST_FILE = PettitudeUITests/Info.plist;
				LD_RUNPATH_SEARCH_PATHS = (
					"$(inherited)",
					"@executable_path/Frameworks",
					"@loader_path/Frameworks",
				);
				PRODUCT_BUNDLE_IDENTIFIER = Papay0.PettitudeUITests;
				PRODUCT_NAME = "$(TARGET_NAME)";
				SWIFT_VERSION = 4.2;
				TARGETED_DEVICE_FAMILY = "1,2";
				TEST_TARGET_NAME = Pettitude;
			};
			name = Debug;
		};
		92E14D8421BD542D00FF622B /* Release */ = {
			isa = XCBuildConfiguration;
			baseConfigurationReference = 307A13CE51BEA0AF05FD5969 /* Pods-PettitudeUITests.release.xcconfig */;
			buildSettings = {
				ALWAYS_EMBED_SWIFT_STANDARD_LIBRARIES = YES;
				CODE_SIGN_STYLE = Automatic;
				DEVELOPMENT_TEAM = Q4B996RU7K;
				INFOPLIST_FILE = PettitudeUITests/Info.plist;
				LD_RUNPATH_SEARCH_PATHS = (
					"$(inherited)",
					"@executable_path/Frameworks",
					"@loader_path/Frameworks",
				);
				PRODUCT_BUNDLE_IDENTIFIER = Papay0.PettitudeUITests;
				PRODUCT_NAME = "$(TARGET_NAME)";
				SWIFT_VERSION = 4.2;
				TARGETED_DEVICE_FAMILY = "1,2";
				TEST_TARGET_NAME = Pettitude;
			};
			name = Release;
		};
/* End XCBuildConfiguration section */

/* Begin XCConfigurationList section */
		92E14D4F21BD542A00FF622B /* Build configuration list for PBXProject "Pettitude" */ = {
			isa = XCConfigurationList;
			buildConfigurations = (
				92E14D7A21BD542D00FF622B /* Debug */,
				92E14D7B21BD542D00FF622B /* Release */,
			);
			defaultConfigurationIsVisible = 0;
			defaultConfigurationName = Release;
		};
		92E14D7C21BD542D00FF622B /* Build configuration list for PBXNativeTarget "Pettitude" */ = {
			isa = XCConfigurationList;
			buildConfigurations = (
				92E14D7D21BD542D00FF622B /* Debug */,
				92E14D7E21BD542D00FF622B /* Release */,
			);
			defaultConfigurationIsVisible = 0;
			defaultConfigurationName = Release;
		};
		92E14D7F21BD542D00FF622B /* Build configuration list for PBXNativeTarget "PettitudeTests" */ = {
			isa = XCConfigurationList;
			buildConfigurations = (
				92E14D8021BD542D00FF622B /* Debug */,
				92E14D8121BD542D00FF622B /* Release */,
			);
			defaultConfigurationIsVisible = 0;
			defaultConfigurationName = Release;
		};
		92E14D8221BD542D00FF622B /* Build configuration list for PBXNativeTarget "PettitudeUITests" */ = {
			isa = XCConfigurationList;
			buildConfigurations = (
				92E14D8321BD542D00FF622B /* Debug */,
				92E14D8421BD542D00FF622B /* Release */,
			);
			defaultConfigurationIsVisible = 0;
			defaultConfigurationName = Release;
		};
/* End XCConfigurationList section */
	};
	rootObject = 92E14D4C21BD542A00FF622B /* Project object */;
}
