// !$*UTF8*$!
{
	archiveVersion = 1;
	classes = {
	};
	objectVersion = 50;
	objects = {

/* Begin PBXBuildFile section */
		6CD1ECB3219FE5A7F6119A00 /* Pods_PettitudeUITests.framework in Frameworks */ = {isa = PBXBuildFile; fileRef = 80049987A4565886EF9421BB /* Pods_PettitudeUITests.framework */; };
		716F43E68770BA3F1A073064 /* Pods_PettitudeTests.framework in Frameworks */ = {isa = PBXBuildFile; fileRef = 2C17C828859BFC5D64615BDA /* Pods_PettitudeTests.framework */; };
		92E14D5821BD542A00FF622B /* AppDelegate.swift in Sources */ = {isa = PBXBuildFile; fileRef = 92E14D5721BD542A00FF622B /* AppDelegate.swift */; };
		92E14D5A21BD542A00FF622B /* ViewController.swift in Sources */ = {isa = PBXBuildFile; fileRef = 92E14D5921BD542A00FF622B /* ViewController.swift */; };
		92E14D5F21BD542C00FF622B /* Assets.xcassets in Resources */ = {isa = PBXBuildFile; fileRef = 92E14D5E21BD542C00FF622B /* Assets.xcassets */; };
		92E14D6221BD542C00FF622B /* LaunchScreen.storyboard in Resources */ = {isa = PBXBuildFile; fileRef = 92E14D6021BD542C00FF622B /* LaunchScreen.storyboard */; };
		92E14D6D21BD542D00FF622B /* PettitudeTests.swift in Sources */ = {isa = PBXBuildFile; fileRef = 92E14D6C21BD542D00FF622B /* PettitudeTests.swift */; };
		92E14D7821BD542D00FF622B /* PettitudeUITests.swift in Sources */ = {isa = PBXBuildFile; fileRef = 92E14D7721BD542D00FF622B /* PettitudeUITests.swift */; };
		F7CF7B1940ED566FB23DEFCC /* Pods_Pettitude.framework in Frameworks */ = {isa = PBXBuildFile; fileRef = 2ECF4C411415C9785E191958 /* Pods_Pettitude.framework */; };
/* End PBXBuildFile section */

/* Begin PBXContainerItemProxy section */
		92E14D6921BD542D00FF622B /* PBXContainerItemProxy */ = {
			isa = PBXContainerItemProxy;
			containerPortal = 92E14D4C21BD542A00FF622B /* Project object */;
			proxyType = 1;
			remoteGlobalIDString = 92E14D5321BD542A00FF622B;
			remoteInfo = Pettitude;
		};
		92E14D7421BD542D00FF622B /* PBXContainerItemProxy */ = {
			isa = PBXContainerItemProxy;
			containerPortal = 92E14D4C21BD542A00FF622B /* Project object */;
			proxyType = 1;
			remoteGlobalIDString = 92E14D5321BD542A00FF622B;
			remoteInfo = Pettitude;
		};
/* End PBXContainerItemProxy section */

/* Begin PBXFileReference section */
		0AF4F932D555C084DEE29BDD /* Pods-Pettitude.debug.xcconfig */ = {isa = PBXFileReference; includeInIndex = 1; lastKnownFileType = text.xcconfig; name = "Pods-Pettitude.debug.xcconfig"; path = "Pods/Target Support Files/Pods-Pettitude/Pods-Pettitude.debug.xcconfig"; sourceTree = "<group>"; };
		2C17C828859BFC5D64615BDA /* Pods_PettitudeTests.framework */ = {isa = PBXFileReference; explicitFileType = wrapper.framework; includeInIndex = 0; path = Pods_PettitudeTests.framework; sourceTree = BUILT_PRODUCTS_DIR; };
		2ECF4C411415C9785E191958 /* Pods_Pettitude.framework */ = {isa = PBXFileReference; explicitFileType = wrapper.framework; includeInIndex = 0; path = Pods_Pettitude.framework; sourceTree = BUILT_PRODUCTS_DIR; };
		4ED57080906AB72E580FB603 /* Pods-PettitudeTests.release.xcconfig */ = {isa = PBXFileReference; includeInIndex = 1; lastKnownFileType = text.xcconfig; name = "Pods-PettitudeTests.release.xcconfig"; path = "Pods/Target Support Files/Pods-PettitudeTests/Pods-PettitudeTests.release.xcconfig"; sourceTree = "<group>"; };
		80049987A4565886EF9421BB /* Pods_PettitudeUITests.framework */ = {isa = PBXFileReference; explicitFileType = wrapper.framework; includeInIndex = 0; path = Pods_PettitudeUITests.framework; sourceTree = BUILT_PRODUCTS_DIR; };
		92E14D5421BD542A00FF622B /* Pettitude.app */ = {isa = PBXFileReference; explicitFileType = wrapper.application; includeInIndex = 0; path = Pettitude.app; sourceTree = BUILT_PRODUCTS_DIR; };
		92E14D5721BD542A00FF622B /* AppDelegate.swift */ = {isa = PBXFileReference; lastKnownFileType = sourcecode.swift; path = AppDelegate.swift; sourceTree = "<group>"; };
		92E14D5921BD542A00FF622B /* ViewController.swift */ = {isa = PBXFileReference; lastKnownFileType = sourcecode.swift; path = ViewController.swift; sourceTree = "<group>"; };
		92E14D5E21BD542C00FF622B /* Assets.xcassets */ = {isa = PBXFileReference; lastKnownFileType = folder.assetcatalog; path = Assets.xcassets; sourceTree = "<group>"; };
		92E14D6121BD542C00FF622B /* Base */ = {isa = PBXFileReference; lastKnownFileType = file.storyboard; name = Base; path = Base.lproj/LaunchScreen.storyboard; sourceTree = "<group>"; };
		92E14D6321BD542C00FF622B /* Info.plist */ = {isa = PBXFileReference; lastKnownFileType = text.plist.xml; path = Info.plist; sourceTree = "<group>"; };
		92E14D6821BD542D00FF622B /* PettitudeTests.xctest */ = {isa = PBXFileReference; explicitFileType = wrapper.cfbundle; includeInIndex = 0; path = PettitudeTests.xctest; sourceTree = BUILT_PRODUCTS_DIR; };
		92E14D6C21BD542D00FF622B /* PettitudeTests.swift */ = {isa = PBXFileReference; lastKnownFileType = sourcecode.swift; path = PettitudeTests.swift; sourceTree = "<group>"; };
		92E14D6E21BD542D00FF622B /* Info.plist */ = {isa = PBXFileReference; lastKnownFileType = text.plist.xml; path = Info.plist; sourceTree = "<group>"; };
		92E14D7321BD542D00FF622B /* PettitudeUITests.xctest */ = {isa = PBXFileReference; explicitFileType = wrapper.cfbundle; includeInIndex = 0; path = PettitudeUITests.xctest; sourceTree = BUILT_PRODUCTS_DIR; };
		92E14D7721BD542D00FF622B /* PettitudeUITests.swift */ = {isa = PBXFileReference; lastKnownFileType = sourcecode.swift; path = PettitudeUITests.swift; sourceTree = "<group>"; };
		92E14D7921BD542D00FF622B /* Info.plist */ = {isa = PBXFileReference; lastKnownFileType = text.plist.xml; path = Info.plist; sourceTree = "<group>"; };
		A84F799F400FE6C6DF695930 /* Pods-PettitudeTests.debug.xcconfig */ = {isa = PBXFileReference; includeInIndex = 1; lastKnownFileType = text.xcconfig; name = "Pods-PettitudeTests.debug.xcconfig"; path = "Pods/Target Support Files/Pods-PettitudeTests/Pods-PettitudeTests.debug.xcconfig"; sourceTree = "<group>"; };
		CA6B8FD5ED0960D24AF84BE6 /* Pods-PettitudeUITests.debug.xcconfig */ = {isa = PBXFileReference; includeInIndex = 1; lastKnownFileType = text.xcconfig; name = "Pods-PettitudeUITests.debug.xcconfig"; path = "Pods/Target Support Files/Pods-PettitudeUITests/Pods-PettitudeUITests.debug.xcconfig"; sourceTree = "<group>"; };
		EC34F1E295DD2A015168784D /* Pods-Pettitude.release.xcconfig */ = {isa = PBXFileReference; includeInIndex = 1; lastKnownFileType = text.xcconfig; name = "Pods-Pettitude.release.xcconfig"; path = "Pods/Target Support Files/Pods-Pettitude/Pods-Pettitude.release.xcconfig"; sourceTree = "<group>"; };
		FBE79AF320C5C504FBDD47EC /* Pods-PettitudeUITests.release.xcconfig */ = {isa = PBXFileReference; includeInIndex = 1; lastKnownFileType = text.xcconfig; name = "Pods-PettitudeUITests.release.xcconfig"; path = "Pods/Target Support Files/Pods-PettitudeUITests/Pods-PettitudeUITests.release.xcconfig"; sourceTree = "<group>"; };
/* End PBXFileReference section */

/* Begin PBXFrameworksBuildPhase section */
		92E14D5121BD542A00FF622B /* Frameworks */ = {
			isa = PBXFrameworksBuildPhase;
			buildActionMask = 2147483647;
			files = (
				F7CF7B1940ED566FB23DEFCC /* Pods_Pettitude.framework in Frameworks */,
			);
			runOnlyForDeploymentPostprocessing = 0;
		};
		92E14D6521BD542D00FF622B /* Frameworks */ = {
			isa = PBXFrameworksBuildPhase;
			buildActionMask = 2147483647;
			files = (
				716F43E68770BA3F1A073064 /* Pods_PettitudeTests.framework in Frameworks */,
			);
			runOnlyForDeploymentPostprocessing = 0;
		};
		92E14D7021BD542D00FF622B /* Frameworks */ = {
			isa = PBXFrameworksBuildPhase;
			buildActionMask = 2147483647;
			files = (
				6CD1ECB3219FE5A7F6119A00 /* Pods_PettitudeUITests.framework in Frameworks */,
			);
			runOnlyForDeploymentPostprocessing = 0;
		};
/* End PBXFrameworksBuildPhase section */

/* Begin PBXGroup section */
		1D9D35A4F46A4C808DB4738E /* Pods */ = {
			isa = PBXGroup;
			children = (
				0AF4F932D555C084DEE29BDD /* Pods-Pettitude.debug.xcconfig */,
				EC34F1E295DD2A015168784D /* Pods-Pettitude.release.xcconfig */,
				A84F799F400FE6C6DF695930 /* Pods-PettitudeTests.debug.xcconfig */,
				4ED57080906AB72E580FB603 /* Pods-PettitudeTests.release.xcconfig */,
				CA6B8FD5ED0960D24AF84BE6 /* Pods-PettitudeUITests.debug.xcconfig */,
				FBE79AF320C5C504FBDD47EC /* Pods-PettitudeUITests.release.xcconfig */,
			);
			name = Pods;
			sourceTree = "<group>";
		};
		92E14D4B21BD542A00FF622B = {
			isa = PBXGroup;
			children = (
				92E14D5621BD542A00FF622B /* Pettitude */,
				92E14D6B21BD542D00FF622B /* PettitudeTests */,
				92E14D7621BD542D00FF622B /* PettitudeUITests */,
				92E14D5521BD542A00FF622B /* Products */,
				1D9D35A4F46A4C808DB4738E /* Pods */,
				A542AD63325B0E7233510FE9 /* Frameworks */,
			);
			sourceTree = "<group>";
		};
		92E14D5521BD542A00FF622B /* Products */ = {
			isa = PBXGroup;
			children = (
				92E14D5421BD542A00FF622B /* Pettitude.app */,
				92E14D6821BD542D00FF622B /* PettitudeTests.xctest */,
				92E14D7321BD542D00FF622B /* PettitudeUITests.xctest */,
			);
			name = Products;
			sourceTree = "<group>";
		};
		92E14D5621BD542A00FF622B /* Pettitude */ = {
			isa = PBXGroup;
			children = (
				92E14D5721BD542A00FF622B /* AppDelegate.swift */,
				92E14D5921BD542A00FF622B /* ViewController.swift */,
				92E14D5E21BD542C00FF622B /* Assets.xcassets */,
				92E14D6021BD542C00FF622B /* LaunchScreen.storyboard */,
				92E14D6321BD542C00FF622B /* Info.plist */,
			);
			path = Pettitude;
			sourceTree = "<group>";
		};
		92E14D6B21BD542D00FF622B /* PettitudeTests */ = {
			isa = PBXGroup;
			children = (
				92E14D6C21BD542D00FF622B /* PettitudeTests.swift */,
				92E14D6E21BD542D00FF622B /* Info.plist */,
			);
			path = PettitudeTests;
			sourceTree = "<group>";
		};
		92E14D7621BD542D00FF622B /* PettitudeUITests */ = {
			isa = PBXGroup;
			children = (
				92E14D7721BD542D00FF622B /* PettitudeUITests.swift */,
				92E14D7921BD542D00FF622B /* Info.plist */,
			);
			path = PettitudeUITests;
			sourceTree = "<group>";
		};
		A542AD63325B0E7233510FE9 /* Frameworks */ = {
			isa = PBXGroup;
			children = (
				2ECF4C411415C9785E191958 /* Pods_Pettitude.framework */,
				2C17C828859BFC5D64615BDA /* Pods_PettitudeTests.framework */,
				80049987A4565886EF9421BB /* Pods_PettitudeUITests.framework */,
			);
			name = Frameworks;
			sourceTree = "<group>";
		};
/* End PBXGroup section */

/* Begin PBXNativeTarget section */
		92E14D5321BD542A00FF622B /* Pettitude */ = {
			isa = PBXNativeTarget;
			buildConfigurationList = 92E14D7C21BD542D00FF622B /* Build configuration list for PBXNativeTarget "Pettitude" */;
			buildPhases = (
				DCC7502C4A879B9A3C89ECBF /* [CP] Check Pods Manifest.lock */,
				92E14D5021BD542A00FF622B /* Sources */,
				92E14D5121BD542A00FF622B /* Frameworks */,
				92E14D5221BD542A00FF622B /* Resources */,
				3A9B14DB5EB7A0EDF2B79654 /* [CP] Embed Pods Frameworks */,
			);
			buildRules = (
			);
			dependencies = (
			);
			name = Pettitude;
			productName = Pettitude;
			productReference = 92E14D5421BD542A00FF622B /* Pettitude.app */;
			productType = "com.apple.product-type.application";
		};
		92E14D6721BD542D00FF622B /* PettitudeTests */ = {
			isa = PBXNativeTarget;
			buildConfigurationList = 92E14D7F21BD542D00FF622B /* Build configuration list for PBXNativeTarget "PettitudeTests" */;
			buildPhases = (
				62DFF297D98DCAAEDF48CFAC /* [CP] Check Pods Manifest.lock */,
				92E14D6421BD542D00FF622B /* Sources */,
				92E14D6521BD542D00FF622B /* Frameworks */,
				92E14D6621BD542D00FF622B /* Resources */,
			);
			buildRules = (
			);
			dependencies = (
				92E14D6A21BD542D00FF622B /* PBXTargetDependency */,
			);
			name = PettitudeTests;
			productName = PettitudeTests;
			productReference = 92E14D6821BD542D00FF622B /* PettitudeTests.xctest */;
			productType = "com.apple.product-type.bundle.unit-test";
		};
		92E14D7221BD542D00FF622B /* PettitudeUITests */ = {
			isa = PBXNativeTarget;
			buildConfigurationList = 92E14D8221BD542D00FF622B /* Build configuration list for PBXNativeTarget "PettitudeUITests" */;
			buildPhases = (
				4C620AD3302C88737F2A24E1 /* [CP] Check Pods Manifest.lock */,
				92E14D6F21BD542D00FF622B /* Sources */,
				92E14D7021BD542D00FF622B /* Frameworks */,
				92E14D7121BD542D00FF622B /* Resources */,
			);
			buildRules = (
			);
			dependencies = (
				92E14D7521BD542D00FF622B /* PBXTargetDependency */,
			);
			name = PettitudeUITests;
			productName = PettitudeUITests;
			productReference = 92E14D7321BD542D00FF622B /* PettitudeUITests.xctest */;
			productType = "com.apple.product-type.bundle.ui-testing";
		};
/* End PBXNativeTarget section */

/* Begin PBXProject section */
		92E14D4C21BD542A00FF622B /* Project object */ = {
			isa = PBXProject;
			attributes = {
				LastSwiftUpdateCheck = 1010;
				LastUpgradeCheck = 1010;
				ORGANIZATIONNAME = "Arthur Papailhau";
				TargetAttributes = {
					92E14D5321BD542A00FF622B = {
						CreatedOnToolsVersion = 10.1;
					};
					92E14D6721BD542D00FF622B = {
						CreatedOnToolsVersion = 10.1;
						TestTargetID = 92E14D5321BD542A00FF622B;
					};
					92E14D7221BD542D00FF622B = {
						CreatedOnToolsVersion = 10.1;
						TestTargetID = 92E14D5321BD542A00FF622B;
					};
				};
			};
			buildConfigurationList = 92E14D4F21BD542A00FF622B /* Build configuration list for PBXProject "Pettitude" */;
			compatibilityVersion = "Xcode 9.3";
			developmentRegion = en;
			hasScannedForEncodings = 0;
			knownRegions = (
				en,
				Base,
			);
			mainGroup = 92E14D4B21BD542A00FF622B;
			productRefGroup = 92E14D5521BD542A00FF622B /* Products */;
			projectDirPath = "";
			projectRoot = "";
			targets = (
				92E14D5321BD542A00FF622B /* Pettitude */,
				92E14D6721BD542D00FF622B /* PettitudeTests */,
				92E14D7221BD542D00FF622B /* PettitudeUITests */,
			);
		};
/* End PBXProject section */

/* Begin PBXResourcesBuildPhase section */
		92E14D5221BD542A00FF622B /* Resources */ = {
			isa = PBXResourcesBuildPhase;
			buildActionMask = 2147483647;
			files = (
				92E14D6221BD542C00FF622B /* LaunchScreen.storyboard in Resources */,
				92E14D5F21BD542C00FF622B /* Assets.xcassets in Resources */,
			);
			runOnlyForDeploymentPostprocessing = 0;
		};
		92E14D6621BD542D00FF622B /* Resources */ = {
			isa = PBXResourcesBuildPhase;
			buildActionMask = 2147483647;
			files = (
			);
			runOnlyForDeploymentPostprocessing = 0;
		};
		92E14D7121BD542D00FF622B /* Resources */ = {
			isa = PBXResourcesBuildPhase;
			buildActionMask = 2147483647;
			files = (
			);
			runOnlyForDeploymentPostprocessing = 0;
		};
/* End PBXResourcesBuildPhase section */

/* Begin PBXShellScriptBuildPhase section */
		3A9B14DB5EB7A0EDF2B79654 /* [CP] Embed Pods Frameworks */ = {
			isa = PBXShellScriptBuildPhase;
			buildActionMask = 2147483647;
			files = (
			);
			inputPaths = (
				"${SRCROOT}/Pods/Target Support Files/Pods-Pettitude/Pods-Pettitude-frameworks.sh",
				"${BUILT_PRODUCTS_DIR}/RIBs/RIBs.framework",
				"${BUILT_PRODUCTS_DIR}/RxCocoa/RxCocoa.framework",
				"${BUILT_PRODUCTS_DIR}/RxSwift/RxSwift.framework",
				"${BUILT_PRODUCTS_DIR}/SnapKit/SnapKit.framework",
			);
			name = "[CP] Embed Pods Frameworks";
			outputPaths = (
				"${TARGET_BUILD_DIR}/${FRAMEWORKS_FOLDER_PATH}/RIBs.framework",
				"${TARGET_BUILD_DIR}/${FRAMEWORKS_FOLDER_PATH}/RxCocoa.framework",
				"${TARGET_BUILD_DIR}/${FRAMEWORKS_FOLDER_PATH}/RxSwift.framework",
				"${TARGET_BUILD_DIR}/${FRAMEWORKS_FOLDER_PATH}/SnapKit.framework",
			);
			runOnlyForDeploymentPostprocessing = 0;
			shellPath = /bin/sh;
			shellScript = "\"${SRCROOT}/Pods/Target Support Files/Pods-Pettitude/Pods-Pettitude-frameworks.sh\"\n";
			showEnvVarsInLog = 0;
		};
		4C620AD3302C88737F2A24E1 /* [CP] Check Pods Manifest.lock */ = {
			isa = PBXShellScriptBuildPhase;
			buildActionMask = 2147483647;
			files = (
			);
			inputPaths = (
				"${PODS_PODFILE_DIR_PATH}/Podfile.lock",
				"${PODS_ROOT}/Manifest.lock",
			);
			name = "[CP] Check Pods Manifest.lock";
			outputPaths = (
				"$(DERIVED_FILE_DIR)/Pods-PettitudeUITests-checkManifestLockResult.txt",
			);
			runOnlyForDeploymentPostprocessing = 0;
			shellPath = /bin/sh;
			shellScript = "diff \"${PODS_PODFILE_DIR_PATH}/Podfile.lock\" \"${PODS_ROOT}/Manifest.lock\" > /dev/null\nif [ $? != 0 ] ; then\n    # print error to STDERR\n    echo \"error: The sandbox is not in sync with the Podfile.lock. Run 'pod install' or update your CocoaPods installation.\" >&2\n    exit 1\nfi\n# This output is used by Xcode 'outputs' to avoid re-running this script phase.\necho \"SUCCESS\" > \"${SCRIPT_OUTPUT_FILE_0}\"\n";
			showEnvVarsInLog = 0;
		};
		62DFF297D98DCAAEDF48CFAC /* [CP] Check Pods Manifest.lock */ = {
			isa = PBXShellScriptBuildPhase;
			buildActionMask = 2147483647;
			files = (
			);
			inputPaths = (
				"${PODS_PODFILE_DIR_PATH}/Podfile.lock",
				"${PODS_ROOT}/Manifest.lock",
			);
			name = "[CP] Check Pods Manifest.lock";
			outputPaths = (
				"$(DERIVED_FILE_DIR)/Pods-PettitudeTests-checkManifestLockResult.txt",
			);
			runOnlyForDeploymentPostprocessing = 0;
			shellPath = /bin/sh;
			shellScript = "diff \"${PODS_PODFILE_DIR_PATH}/Podfile.lock\" \"${PODS_ROOT}/Manifest.lock\" > /dev/null\nif [ $? != 0 ] ; then\n    # print error to STDERR\n    echo \"error: The sandbox is not in sync with the Podfile.lock. Run 'pod install' or update your CocoaPods installation.\" >&2\n    exit 1\nfi\n# This output is used by Xcode 'outputs' to avoid re-running this script phase.\necho \"SUCCESS\" > \"${SCRIPT_OUTPUT_FILE_0}\"\n";
			showEnvVarsInLog = 0;
		};
		DCC7502C4A879B9A3C89ECBF /* [CP] Check Pods Manifest.lock */ = {
			isa = PBXShellScriptBuildPhase;
			buildActionMask = 2147483647;
			files = (
			);
			inputPaths = (
				"${PODS_PODFILE_DIR_PATH}/Podfile.lock",
				"${PODS_ROOT}/Manifest.lock",
			);
			name = "[CP] Check Pods Manifest.lock";
			outputPaths = (
				"$(DERIVED_FILE_DIR)/Pods-Pettitude-checkManifestLockResult.txt",
			);
			runOnlyForDeploymentPostprocessing = 0;
			shellPath = /bin/sh;
			shellScript = "diff \"${PODS_PODFILE_DIR_PATH}/Podfile.lock\" \"${PODS_ROOT}/Manifest.lock\" > /dev/null\nif [ $? != 0 ] ; then\n    # print error to STDERR\n    echo \"error: The sandbox is not in sync with the Podfile.lock. Run 'pod install' or update your CocoaPods installation.\" >&2\n    exit 1\nfi\n# This output is used by Xcode 'outputs' to avoid re-running this script phase.\necho \"SUCCESS\" > \"${SCRIPT_OUTPUT_FILE_0}\"\n";
			showEnvVarsInLog = 0;
		};
/* End PBXShellScriptBuildPhase section */

/* Begin PBXSourcesBuildPhase section */
		92E14D5021BD542A00FF622B /* Sources */ = {
			isa = PBXSourcesBuildPhase;
			buildActionMask = 2147483647;
			files = (
				92E14D5A21BD542A00FF622B /* ViewController.swift in Sources */,
				92E14D5821BD542A00FF622B /* AppDelegate.swift in Sources */,
			);
			runOnlyForDeploymentPostprocessing = 0;
		};
		92E14D6421BD542D00FF622B /* Sources */ = {
			isa = PBXSourcesBuildPhase;
			buildActionMask = 2147483647;
			files = (
				92E14D6D21BD542D00FF622B /* PettitudeTests.swift in Sources */,
			);
			runOnlyForDeploymentPostprocessing = 0;
		};
		92E14D6F21BD542D00FF622B /* Sources */ = {
			isa = PBXSourcesBuildPhase;
			buildActionMask = 2147483647;
			files = (
				92E14D7821BD542D00FF622B /* PettitudeUITests.swift in Sources */,
			);
			runOnlyForDeploymentPostprocessing = 0;
		};
/* End PBXSourcesBuildPhase section */

/* Begin PBXTargetDependency section */
		92E14D6A21BD542D00FF622B /* PBXTargetDependency */ = {
			isa = PBXTargetDependency;
			target = 92E14D5321BD542A00FF622B /* Pettitude */;
			targetProxy = 92E14D6921BD542D00FF622B /* PBXContainerItemProxy */;
		};
		92E14D7521BD542D00FF622B /* PBXTargetDependency */ = {
			isa = PBXTargetDependency;
			target = 92E14D5321BD542A00FF622B /* Pettitude */;
			targetProxy = 92E14D7421BD542D00FF622B /* PBXContainerItemProxy */;
		};
/* End PBXTargetDependency section */

/* Begin PBXVariantGroup section */
		92E14D6021BD542C00FF622B /* LaunchScreen.storyboard */ = {
			isa = PBXVariantGroup;
			children = (
				92E14D6121BD542C00FF622B /* Base */,
			);
			name = LaunchScreen.storyboard;
			sourceTree = "<group>";
		};
/* End PBXVariantGroup section */

/* Begin XCBuildConfiguration section */
		92E14D7A21BD542D00FF622B /* Debug */ = {
			isa = XCBuildConfiguration;
			buildSettings = {
				ALWAYS_SEARCH_USER_PATHS = NO;
				CLANG_ANALYZER_NONNULL = YES;
				CLANG_ANALYZER_NUMBER_OBJECT_CONVERSION = YES_AGGRESSIVE;
				CLANG_CXX_LANGUAGE_STANDARD = "gnu++14";
				CLANG_CXX_LIBRARY = "libc++";
				CLANG_ENABLE_MODULES = YES;
				CLANG_ENABLE_OBJC_ARC = YES;
				CLANG_ENABLE_OBJC_WEAK = YES;
				CLANG_WARN_BLOCK_CAPTURE_AUTORELEASING = YES;
				CLANG_WARN_BOOL_CONVERSION = YES;
				CLANG_WARN_COMMA = YES;
				CLANG_WARN_CONSTANT_CONVERSION = YES;
				CLANG_WARN_DEPRECATED_OBJC_IMPLEMENTATIONS = YES;
				CLANG_WARN_DIRECT_OBJC_ISA_USAGE = YES_ERROR;
				CLANG_WARN_DOCUMENTATION_COMMENTS = YES;
				CLANG_WARN_EMPTY_BODY = YES;
				CLANG_WARN_ENUM_CONVERSION = YES;
				CLANG_WARN_INFINITE_RECURSION = YES;
				CLANG_WARN_INT_CONVERSION = YES;
				CLANG_WARN_NON_LITERAL_NULL_CONVERSION = YES;
				CLANG_WARN_OBJC_IMPLICIT_RETAIN_SELF = YES;
				CLANG_WARN_OBJC_LITERAL_CONVERSION = YES;
				CLANG_WARN_OBJC_ROOT_CLASS = YES_ERROR;
				CLANG_WARN_RANGE_LOOP_ANALYSIS = YES;
				CLANG_WARN_STRICT_PROTOTYPES = YES;
				CLANG_WARN_SUSPICIOUS_MOVE = YES;
				CLANG_WARN_UNGUARDED_AVAILABILITY = YES_AGGRESSIVE;
				CLANG_WARN_UNREACHABLE_CODE = YES;
				CLANG_WARN__DUPLICATE_METHOD_MATCH = YES;
				CODE_SIGN_IDENTITY = "iPhone Developer";
				COPY_PHASE_STRIP = NO;
				DEBUG_INFORMATION_FORMAT = dwarf;
				ENABLE_STRICT_OBJC_MSGSEND = YES;
				ENABLE_TESTABILITY = YES;
				GCC_C_LANGUAGE_STANDARD = gnu11;
				GCC_DYNAMIC_NO_PIC = NO;
				GCC_NO_COMMON_BLOCKS = YES;
				GCC_OPTIMIZATION_LEVEL = 0;
				GCC_PREPROCESSOR_DEFINITIONS = (
					"DEBUG=1",
					"$(inherited)",
				);
				GCC_WARN_64_TO_32_BIT_CONVERSION = YES;
				GCC_WARN_ABOUT_RETURN_TYPE = YES_ERROR;
				GCC_WARN_UNDECLARED_SELECTOR = YES;
				GCC_WARN_UNINITIALIZED_AUTOS = YES_AGGRESSIVE;
				GCC_WARN_UNUSED_FUNCTION = YES;
				GCC_WARN_UNUSED_VARIABLE = YES;
				IPHONEOS_DEPLOYMENT_TARGET = 12.1;
				MTL_ENABLE_DEBUG_INFO = INCLUDE_SOURCE;
				MTL_FAST_MATH = YES;
				ONLY_ACTIVE_ARCH = YES;
				SDKROOT = iphoneos;
				SWIFT_ACTIVE_COMPILATION_CONDITIONS = DEBUG;
				SWIFT_OPTIMIZATION_LEVEL = "-Onone";
			};
			name = Debug;
		};
		92E14D7B21BD542D00FF622B /* Release */ = {
			isa = XCBuildConfiguration;
			buildSettings = {
				ALWAYS_SEARCH_USER_PATHS = NO;
				CLANG_ANALYZER_NONNULL = YES;
				CLANG_ANALYZER_NUMBER_OBJECT_CONVERSION = YES_AGGRESSIVE;
				CLANG_CXX_LANGUAGE_STANDARD = "gnu++14";
				CLANG_CXX_LIBRARY = "libc++";
				CLANG_ENABLE_MODULES = YES;
				CLANG_ENABLE_OBJC_ARC = YES;
				CLANG_ENABLE_OBJC_WEAK = YES;
				CLANG_WARN_BLOCK_CAPTURE_AUTORELEASING = YES;
				CLANG_WARN_BOOL_CONVERSION = YES;
				CLANG_WARN_COMMA = YES;
				CLANG_WARN_CONSTANT_CONVERSION = YES;
				CLANG_WARN_DEPRECATED_OBJC_IMPLEMENTATIONS = YES;
				CLANG_WARN_DIRECT_OBJC_ISA_USAGE = YES_ERROR;
				CLANG_WARN_DOCUMENTATION_COMMENTS = YES;
				CLANG_WARN_EMPTY_BODY = YES;
				CLANG_WARN_ENUM_CONVERSION = YES;
				CLANG_WARN_INFINITE_RECURSION = YES;
				CLANG_WARN_INT_CONVERSION = YES;
				CLANG_WARN_NON_LITERAL_NULL_CONVERSION = YES;
				CLANG_WARN_OBJC_IMPLICIT_RETAIN_SELF = YES;
				CLANG_WARN_OBJC_LITERAL_CONVERSION = YES;
				CLANG_WARN_OBJC_ROOT_CLASS = YES_ERROR;
				CLANG_WARN_RANGE_LOOP_ANALYSIS = YES;
				CLANG_WARN_STRICT_PROTOTYPES = YES;
				CLANG_WARN_SUSPICIOUS_MOVE = YES;
				CLANG_WARN_UNGUARDED_AVAILABILITY = YES_AGGRESSIVE;
				CLANG_WARN_UNREACHABLE_CODE = YES;
				CLANG_WARN__DUPLICATE_METHOD_MATCH = YES;
				CODE_SIGN_IDENTITY = "iPhone Developer";
				COPY_PHASE_STRIP = NO;
				DEBUG_INFORMATION_FORMAT = "dwarf-with-dsym";
				ENABLE_NS_ASSERTIONS = NO;
				ENABLE_STRICT_OBJC_MSGSEND = YES;
				GCC_C_LANGUAGE_STANDARD = gnu11;
				GCC_NO_COMMON_BLOCKS = YES;
				GCC_WARN_64_TO_32_BIT_CONVERSION = YES;
				GCC_WARN_ABOUT_RETURN_TYPE = YES_ERROR;
				GCC_WARN_UNDECLARED_SELECTOR = YES;
				GCC_WARN_UNINITIALIZED_AUTOS = YES_AGGRESSIVE;
				GCC_WARN_UNUSED_FUNCTION = YES;
				GCC_WARN_UNUSED_VARIABLE = YES;
				IPHONEOS_DEPLOYMENT_TARGET = 12.1;
				MTL_ENABLE_DEBUG_INFO = NO;
				MTL_FAST_MATH = YES;
				SDKROOT = iphoneos;
				SWIFT_COMPILATION_MODE = wholemodule;
				SWIFT_OPTIMIZATION_LEVEL = "-O";
				VALIDATE_PRODUCT = YES;
			};
			name = Release;
		};
		92E14D7D21BD542D00FF622B /* Debug */ = {
			isa = XCBuildConfiguration;
			baseConfigurationReference = 0AF4F932D555C084DEE29BDD /* Pods-Pettitude.debug.xcconfig */;
			buildSettings = {
				ASSETCATALOG_COMPILER_APPICON_NAME = AppIcon;
				CODE_SIGN_STYLE = Automatic;
				DEVELOPMENT_TEAM = Q4B996RU7K;
				INFOPLIST_FILE = Pettitude/Info.plist;
				LD_RUNPATH_SEARCH_PATHS = (
					"$(inherited)",
					"@executable_path/Frameworks",
				);
				PRODUCT_BUNDLE_IDENTIFIER = Papay0.Pettitude;
				PRODUCT_NAME = "$(TARGET_NAME)";
				SWIFT_VERSION = 4.2;
				TARGETED_DEVICE_FAMILY = "1,2";
			};
			name = Debug;
		};
		92E14D7E21BD542D00FF622B /* Release */ = {
			isa = XCBuildConfiguration;
			baseConfigurationReference = EC34F1E295DD2A015168784D /* Pods-Pettitude.release.xcconfig */;
			buildSettings = {
				ASSETCATALOG_COMPILER_APPICON_NAME = AppIcon;
				CODE_SIGN_STYLE = Automatic;
				DEVELOPMENT_TEAM = Q4B996RU7K;
				INFOPLIST_FILE = Pettitude/Info.plist;
				LD_RUNPATH_SEARCH_PATHS = (
					"$(inherited)",
					"@executable_path/Frameworks",
				);
				PRODUCT_BUNDLE_IDENTIFIER = Papay0.Pettitude;
				PRODUCT_NAME = "$(TARGET_NAME)";
				SWIFT_VERSION = 4.2;
				TARGETED_DEVICE_FAMILY = "1,2";
			};
			name = Release;
		};
		92E14D8021BD542D00FF622B /* Debug */ = {
			isa = XCBuildConfiguration;
			baseConfigurationReference = A84F799F400FE6C6DF695930 /* Pods-PettitudeTests.debug.xcconfig */;
			buildSettings = {
				ALWAYS_EMBED_SWIFT_STANDARD_LIBRARIES = YES;
				BUNDLE_LOADER = "$(TEST_HOST)";
				CODE_SIGN_STYLE = Automatic;
				DEVELOPMENT_TEAM = Q4B996RU7K;
				INFOPLIST_FILE = PettitudeTests/Info.plist;
				LD_RUNPATH_SEARCH_PATHS = (
					"$(inherited)",
					"@executable_path/Frameworks",
					"@loader_path/Frameworks",
				);
				PRODUCT_BUNDLE_IDENTIFIER = Papay0.PettitudeTests;
				PRODUCT_NAME = "$(TARGET_NAME)";
				SWIFT_VERSION = 4.2;
				TARGETED_DEVICE_FAMILY = "1,2";
				TEST_HOST = "$(BUILT_PRODUCTS_DIR)/Pettitude.app/Pettitude";
			};
			name = Debug;
		};
		92E14D8121BD542D00FF622B /* Release */ = {
			isa = XCBuildConfiguration;
			baseConfigurationReference = 4ED57080906AB72E580FB603 /* Pods-PettitudeTests.release.xcconfig */;
			buildSettings = {
				ALWAYS_EMBED_SWIFT_STANDARD_LIBRARIES = YES;
				BUNDLE_LOADER = "$(TEST_HOST)";
				CODE_SIGN_STYLE = Automatic;
				DEVELOPMENT_TEAM = Q4B996RU7K;
				INFOPLIST_FILE = PettitudeTests/Info.plist;
				LD_RUNPATH_SEARCH_PATHS = (
					"$(inherited)",
					"@executable_path/Frameworks",
					"@loader_path/Frameworks",
				);
				PRODUCT_BUNDLE_IDENTIFIER = Papay0.PettitudeTests;
				PRODUCT_NAME = "$(TARGET_NAME)";
				SWIFT_VERSION = 4.2;
				TARGETED_DEVICE_FAMILY = "1,2";
				TEST_HOST = "$(BUILT_PRODUCTS_DIR)/Pettitude.app/Pettitude";
			};
			name = Release;
		};
		92E14D8321BD542D00FF622B /* Debug */ = {
			isa = XCBuildConfiguration;
			baseConfigurationReference = CA6B8FD5ED0960D24AF84BE6 /* Pods-PettitudeUITests.debug.xcconfig */;
			buildSettings = {
				ALWAYS_EMBED_SWIFT_STANDARD_LIBRARIES = YES;
				CODE_SIGN_STYLE = Automatic;
				DEVELOPMENT_TEAM = Q4B996RU7K;
				INFOPLIST_FILE = PettitudeUITests/Info.plist;
				LD_RUNPATH_SEARCH_PATHS = (
					"$(inherited)",
					"@executable_path/Frameworks",
					"@loader_path/Frameworks",
				);
				PRODUCT_BUNDLE_IDENTIFIER = Papay0.PettitudeUITests;
				PRODUCT_NAME = "$(TARGET_NAME)";
				SWIFT_VERSION = 4.2;
				TARGETED_DEVICE_FAMILY = "1,2";
				TEST_TARGET_NAME = Pettitude;
			};
			name = Debug;
		};
		92E14D8421BD542D00FF622B /* Release */ = {
			isa = XCBuildConfiguration;
			baseConfigurationReference = FBE79AF320C5C504FBDD47EC /* Pods-PettitudeUITests.release.xcconfig */;
			buildSettings = {
				ALWAYS_EMBED_SWIFT_STANDARD_LIBRARIES = YES;
				CODE_SIGN_STYLE = Automatic;
				DEVELOPMENT_TEAM = Q4B996RU7K;
				INFOPLIST_FILE = PettitudeUITests/Info.plist;
				LD_RUNPATH_SEARCH_PATHS = (
					"$(inherited)",
					"@executable_path/Frameworks",
					"@loader_path/Frameworks",
				);
				PRODUCT_BUNDLE_IDENTIFIER = Papay0.PettitudeUITests;
				PRODUCT_NAME = "$(TARGET_NAME)";
				SWIFT_VERSION = 4.2;
				TARGETED_DEVICE_FAMILY = "1,2";
				TEST_TARGET_NAME = Pettitude;
			};
			name = Release;
		};
/* End XCBuildConfiguration section */

/* Begin XCConfigurationList section */
		92E14D4F21BD542A00FF622B /* Build configuration list for PBXProject "Pettitude" */ = {
			isa = XCConfigurationList;
			buildConfigurations = (
				92E14D7A21BD542D00FF622B /* Debug */,
				92E14D7B21BD542D00FF622B /* Release */,
			);
			defaultConfigurationIsVisible = 0;
			defaultConfigurationName = Release;
		};
		92E14D7C21BD542D00FF622B /* Build configuration list for PBXNativeTarget "Pettitude" */ = {
			isa = XCConfigurationList;
			buildConfigurations = (
				92E14D7D21BD542D00FF622B /* Debug */,
				92E14D7E21BD542D00FF622B /* Release */,
			);
			defaultConfigurationIsVisible = 0;
			defaultConfigurationName = Release;
		};
		92E14D7F21BD542D00FF622B /* Build configuration list for PBXNativeTarget "PettitudeTests" */ = {
			isa = XCConfigurationList;
			buildConfigurations = (
				92E14D8021BD542D00FF622B /* Debug */,
				92E14D8121BD542D00FF622B /* Release */,
			);
			defaultConfigurationIsVisible = 0;
			defaultConfigurationName = Release;
		};
		92E14D8221BD542D00FF622B /* Build configuration list for PBXNativeTarget "PettitudeUITests" */ = {
			isa = XCConfigurationList;
			buildConfigurations = (
				92E14D8321BD542D00FF622B /* Debug */,
				92E14D8421BD542D00FF622B /* Release */,
			);
			defaultConfigurationIsVisible = 0;
			defaultConfigurationName = Release;
		};
/* End XCConfigurationList section */
	};
	rootObject = 92E14D4C21BD542A00FF622B /* Project object */;
}
